// !$*UTF8*$!
{
	archiveVersion = 1;
	classes = {
	};
	objectVersion = 46;
	objects = {

/* Begin PBXBuildFile section */
		E17E4ABC1EA61FA000AF9B67 /* WTHUD.m in Sources */ = {isa = PBXBuildFile; fileRef = E17E4ABA1EA61FA000AF9B67 /* WTHUD.m */; };
		E17E4AC01EA620B500AF9B67 /* WTHUDView.m in Sources */ = {isa = PBXBuildFile; fileRef = E17E4ABE1EA620B500AF9B67 /* WTHUDView.m */; };
		E18B9EAE1E729D460013EFA8 /* WTKit.h in Headers */ = {isa = PBXBuildFile; fileRef = E18B9EAC1E729D460013EFA8 /* WTKit.h */; settings = {ATTRIBUTES = (Public, ); }; };
		E18B9F0D1E729E440013EFA8 /* CALayer+Nice.h in Headers */ = {isa = PBXBuildFile; fileRef = E18B9ED91E729E440013EFA8 /* CALayer+Nice.h */; settings = {ATTRIBUTES = (Public, ); }; };
		E18B9F0E1E729E440013EFA8 /* CALayer+Nice.m in Sources */ = {isa = PBXBuildFile; fileRef = E18B9EDA1E729E440013EFA8 /* CALayer+Nice.m */; };
		E18B9F0F1E729E440013EFA8 /* NSArray+Nice.h in Headers */ = {isa = PBXBuildFile; fileRef = E18B9EDB1E729E440013EFA8 /* NSArray+Nice.h */; settings = {ATTRIBUTES = (Public, ); }; };
		E18B9F101E729E440013EFA8 /* NSArray+Nice.m in Sources */ = {isa = PBXBuildFile; fileRef = E18B9EDC1E729E440013EFA8 /* NSArray+Nice.m */; };
		E18B9F111E729E440013EFA8 /* NSDictionary+JSONModel.h in Headers */ = {isa = PBXBuildFile; fileRef = E18B9EDD1E729E440013EFA8 /* NSDictionary+JSONModel.h */; settings = {ATTRIBUTES = (Public, ); }; };
		E18B9F121E729E440013EFA8 /* NSDictionary+JSONModel.m in Sources */ = {isa = PBXBuildFile; fileRef = E18B9EDE1E729E440013EFA8 /* NSDictionary+JSONModel.m */; };
		E18B9F131E729E440013EFA8 /* NSJSONSerialization+Nice.h in Headers */ = {isa = PBXBuildFile; fileRef = E18B9EDF1E729E440013EFA8 /* NSJSONSerialization+Nice.h */; settings = {ATTRIBUTES = (Public, ); }; };
		E18B9F141E729E440013EFA8 /* NSJSONSerialization+Nice.m in Sources */ = {isa = PBXBuildFile; fileRef = E18B9EE01E729E440013EFA8 /* NSJSONSerialization+Nice.m */; };
		E18B9F151E729E440013EFA8 /* NSMutableArray+Nice.h in Headers */ = {isa = PBXBuildFile; fileRef = E18B9EE11E729E440013EFA8 /* NSMutableArray+Nice.h */; settings = {ATTRIBUTES = (Public, ); }; };
		E18B9F161E729E440013EFA8 /* NSMutableArray+Nice.m in Sources */ = {isa = PBXBuildFile; fileRef = E18B9EE21E729E440013EFA8 /* NSMutableArray+Nice.m */; };
		E18B9F171E729E440013EFA8 /* NSObject+JSONModel.h in Headers */ = {isa = PBXBuildFile; fileRef = E18B9EE31E729E440013EFA8 /* NSObject+JSONModel.h */; settings = {ATTRIBUTES = (Public, ); }; };
		E18B9F181E729E440013EFA8 /* NSObject+JSONModel.m in Sources */ = {isa = PBXBuildFile; fileRef = E18B9EE41E729E440013EFA8 /* NSObject+JSONModel.m */; };
		E18B9F191E729E440013EFA8 /* NSObject+Nice.h in Headers */ = {isa = PBXBuildFile; fileRef = E18B9EE51E729E440013EFA8 /* NSObject+Nice.h */; settings = {ATTRIBUTES = (Public, ); }; };
		E18B9F1A1E729E440013EFA8 /* NSObject+Nice.m in Sources */ = {isa = PBXBuildFile; fileRef = E18B9EE61E729E440013EFA8 /* NSObject+Nice.m */; };
		E18B9F1B1E729E440013EFA8 /* NSOperationQueue+Nice.h in Headers */ = {isa = PBXBuildFile; fileRef = E18B9EE71E729E440013EFA8 /* NSOperationQueue+Nice.h */; settings = {ATTRIBUTES = (Public, ); }; };
		E18B9F1C1E729E440013EFA8 /* NSOperationQueue+Nice.m in Sources */ = {isa = PBXBuildFile; fileRef = E18B9EE81E729E440013EFA8 /* NSOperationQueue+Nice.m */; };
		E18B9F1D1E729E440013EFA8 /* UIAlertView+WTRequestCenter.h in Headers */ = {isa = PBXBuildFile; fileRef = E18B9EE91E729E440013EFA8 /* UIAlertView+WTRequestCenter.h */; settings = {ATTRIBUTES = (Public, ); }; };
		E18B9F1E1E729E440013EFA8 /* UIAlertView+WTRequestCenter.m in Sources */ = {isa = PBXBuildFile; fileRef = E18B9EEA1E729E440013EFA8 /* UIAlertView+WTRequestCenter.m */; };
		E18B9F1F1E729E440013EFA8 /* UIApplication+Nice.h in Headers */ = {isa = PBXBuildFile; fileRef = E18B9EEB1E729E440013EFA8 /* UIApplication+Nice.h */; settings = {ATTRIBUTES = (Public, ); }; };
		E18B9F201E729E440013EFA8 /* UIApplication+Nice.m in Sources */ = {isa = PBXBuildFile; fileRef = E18B9EEC1E729E440013EFA8 /* UIApplication+Nice.m */; };
		E18B9F211E729E440013EFA8 /* UIButton+WTRequestCenter.h in Headers */ = {isa = PBXBuildFile; fileRef = E18B9EED1E729E440013EFA8 /* UIButton+WTRequestCenter.h */; settings = {ATTRIBUTES = (Public, ); }; };
		E18B9F221E729E440013EFA8 /* UIButton+WTRequestCenter.m in Sources */ = {isa = PBXBuildFile; fileRef = E18B9EEE1E729E440013EFA8 /* UIButton+WTRequestCenter.m */; };
		E18B9F231E729E440013EFA8 /* UIColor+WTRequestCenter.h in Headers */ = {isa = PBXBuildFile; fileRef = E18B9EEF1E729E440013EFA8 /* UIColor+WTRequestCenter.h */; settings = {ATTRIBUTES = (Public, ); }; };
		E18B9F241E729E440013EFA8 /* UIColor+WTRequestCenter.m in Sources */ = {isa = PBXBuildFile; fileRef = E18B9EF01E729E440013EFA8 /* UIColor+WTRequestCenter.m */; };
		E18B9F271E729E440013EFA8 /* UIDevice+WTRequestCenter.h in Headers */ = {isa = PBXBuildFile; fileRef = E18B9EF31E729E440013EFA8 /* UIDevice+WTRequestCenter.h */; settings = {ATTRIBUTES = (Public, ); }; };
		E18B9F281E729E440013EFA8 /* UIDevice+WTRequestCenter.m in Sources */ = {isa = PBXBuildFile; fileRef = E18B9EF41E729E440013EFA8 /* UIDevice+WTRequestCenter.m */; };
		E18B9F291E729E440013EFA8 /* UIImage+Nice.h in Headers */ = {isa = PBXBuildFile; fileRef = E18B9EF51E729E440013EFA8 /* UIImage+Nice.h */; settings = {ATTRIBUTES = (Public, ); }; };
		E18B9F2A1E729E440013EFA8 /* UIImage+Nice.m in Sources */ = {isa = PBXBuildFile; fileRef = E18B9EF61E729E440013EFA8 /* UIImage+Nice.m */; };
		E18B9F2B1E729E440013EFA8 /* UIImageView+WTRequestCenter.h in Headers */ = {isa = PBXBuildFile; fileRef = E18B9EF71E729E440013EFA8 /* UIImageView+WTRequestCenter.h */; settings = {ATTRIBUTES = (Public, ); }; };
		E18B9F2C1E729E440013EFA8 /* UIImageView+WTRequestCenter.m in Sources */ = {isa = PBXBuildFile; fileRef = E18B9EF81E729E440013EFA8 /* UIImageView+WTRequestCenter.m */; };
		E18B9F2F1E729E440013EFA8 /* UIScreen+WTRequestCenter.h in Headers */ = {isa = PBXBuildFile; fileRef = E18B9EFB1E729E440013EFA8 /* UIScreen+WTRequestCenter.h */; settings = {ATTRIBUTES = (Public, ); }; };
		E18B9F301E729E440013EFA8 /* UIScreen+WTRequestCenter.m in Sources */ = {isa = PBXBuildFile; fileRef = E18B9EFC1E729E440013EFA8 /* UIScreen+WTRequestCenter.m */; };
		E18B9F311E729E440013EFA8 /* UIView+Nice.h in Headers */ = {isa = PBXBuildFile; fileRef = E18B9EFD1E729E440013EFA8 /* UIView+Nice.h */; settings = {ATTRIBUTES = (Public, ); }; };
		E18B9F321E729E440013EFA8 /* UIView+Nice.m in Sources */ = {isa = PBXBuildFile; fileRef = E18B9EFE1E729E440013EFA8 /* UIView+Nice.m */; };
		E18B9F331E729E440013EFA8 /* UIViewController+Nice.h in Headers */ = {isa = PBXBuildFile; fileRef = E18B9EFF1E729E440013EFA8 /* UIViewController+Nice.h */; settings = {ATTRIBUTES = (Public, ); }; };
		E18B9F341E729E440013EFA8 /* UIViewController+Nice.m in Sources */ = {isa = PBXBuildFile; fileRef = E18B9F001E729E440013EFA8 /* UIViewController+Nice.m */; };
		E18B9F351E729E440013EFA8 /* WTCycleScrollView.h in Headers */ = {isa = PBXBuildFile; fileRef = E18B9F011E729E440013EFA8 /* WTCycleScrollView.h */; settings = {ATTRIBUTES = (Public, ); }; };
		E18B9F361E729E440013EFA8 /* WTCycleScrollView.m in Sources */ = {isa = PBXBuildFile; fileRef = E18B9F021E729E440013EFA8 /* WTCycleScrollView.m */; };
		E18B9F371E729E440013EFA8 /* WTDataSaver.h in Headers */ = {isa = PBXBuildFile; fileRef = E18B9F031E729E440013EFA8 /* WTDataSaver.h */; settings = {ATTRIBUTES = (Public, ); }; };
		E18B9F381E729E440013EFA8 /* WTDataSaver.m in Sources */ = {isa = PBXBuildFile; fileRef = E18B9F041E729E440013EFA8 /* WTDataSaver.m */; };
		E18B9F391E729E440013EFA8 /* WTImageViewer.h in Headers */ = {isa = PBXBuildFile; fileRef = E18B9F051E729E440013EFA8 /* WTImageViewer.h */; settings = {ATTRIBUTES = (Public, ); }; };
		E18B9F3A1E729E440013EFA8 /* WTImageViewer.m in Sources */ = {isa = PBXBuildFile; fileRef = E18B9F061E729E440013EFA8 /* WTImageViewer.m */; };
		E18B9F3B1E729E440013EFA8 /* WTNetworkActivityIndicatorManager.h in Headers */ = {isa = PBXBuildFile; fileRef = E18B9F071E729E440013EFA8 /* WTNetworkActivityIndicatorManager.h */; settings = {ATTRIBUTES = (Public, ); }; };
		E18B9F3C1E729E440013EFA8 /* WTNetworkActivityIndicatorManager.m in Sources */ = {isa = PBXBuildFile; fileRef = E18B9F081E729E440013EFA8 /* WTNetworkActivityIndicatorManager.m */; };
		E18B9F3D1E729E440013EFA8 /* WTNetWorkManager.h in Headers */ = {isa = PBXBuildFile; fileRef = E18B9F091E729E440013EFA8 /* WTNetWorkManager.h */; settings = {ATTRIBUTES = (Public, ); }; };
		E18B9F3E1E729E440013EFA8 /* WTNetWorkManager.m in Sources */ = {isa = PBXBuildFile; fileRef = E18B9F0A1E729E440013EFA8 /* WTNetWorkManager.m */; };
		E18B9F3F1E729E440013EFA8 /* WTNumberLabel.h in Headers */ = {isa = PBXBuildFile; fileRef = E18B9F0B1E729E440013EFA8 /* WTNumberLabel.h */; settings = {ATTRIBUTES = (Public, ); }; };
		E18B9F401E729E440013EFA8 /* WTNumberLabel.m in Sources */ = {isa = PBXBuildFile; fileRef = E18B9F0C1E729E440013EFA8 /* WTNumberLabel.m */; };
		E18B9F821E72AB3F0013EFA8 /* WTURLSessionTask.h in Headers */ = {isa = PBXBuildFile; fileRef = E18B9F801E72AB3F0013EFA8 /* WTURLSessionTask.h */; settings = {ATTRIBUTES = (Public, ); }; };
		E18B9F831E72AB3F0013EFA8 /* WTURLSessionTask.m in Sources */ = {isa = PBXBuildFile; fileRef = E18B9F811E72AB3F0013EFA8 /* WTURLSessionTask.m */; };
		E19F49AC1EA62B7C00842DE0 /* WTHUD.h in Headers */ = {isa = PBXBuildFile; fileRef = E17E4AB91EA61FA000AF9B67 /* WTHUD.h */; settings = {ATTRIBUTES = (Public, ); }; };
		E19F49AD1EA62B7C00842DE0 /* WTHUDView.h in Headers */ = {isa = PBXBuildFile; fileRef = E17E4ABD1EA620B500AF9B67 /* WTHUDView.h */; settings = {ATTRIBUTES = (Public, ); }; };
		E1EDEDB81EA0AA2800DDC372 /* WTKitMacOS.h in Headers */ = {isa = PBXBuildFile; fileRef = E1EDEDB61EA0AA2800DDC372 /* WTKitMacOS.h */; settings = {ATTRIBUTES = (Public, ); }; };
		E1EDEDBD1EA0AA3300DDC372 /* NSObject+JSONModel.m in Sources */ = {isa = PBXBuildFile; fileRef = E18B9EE41E729E440013EFA8 /* NSObject+JSONModel.m */; };
		E1EDEDBF1EA0AA3300DDC372 /* NSDictionary+JSONModel.m in Sources */ = {isa = PBXBuildFile; fileRef = E18B9EDE1E729E440013EFA8 /* NSDictionary+JSONModel.m */; };
		E1EDEDC11EA0AA3300DDC372 /* WTDataSaver.m in Sources */ = {isa = PBXBuildFile; fileRef = E18B9F041E729E440013EFA8 /* WTDataSaver.m */; };
		E1EDEDC31EA0AA3300DDC372 /* NSOperationQueue+Nice.m in Sources */ = {isa = PBXBuildFile; fileRef = E18B9EE81E729E440013EFA8 /* NSOperationQueue+Nice.m */; };
		E1EDEDC51EA0AA3300DDC372 /* NSMutableArray+Nice.m in Sources */ = {isa = PBXBuildFile; fileRef = E18B9EE21E729E440013EFA8 /* NSMutableArray+Nice.m */; };
		E1EDEDC71EA0AA3300DDC372 /* NSObject+Nice.m in Sources */ = {isa = PBXBuildFile; fileRef = E18B9EE61E729E440013EFA8 /* NSObject+Nice.m */; };
		E1EDEDC91EA0AA3300DDC372 /* NSArray+Nice.m in Sources */ = {isa = PBXBuildFile; fileRef = E18B9EDC1E729E440013EFA8 /* NSArray+Nice.m */; };
		E1EDEDCB1EA0AA3300DDC372 /* NSJSONSerialization+Nice.m in Sources */ = {isa = PBXBuildFile; fileRef = E18B9EE01E729E440013EFA8 /* NSJSONSerialization+Nice.m */; };
		E1EDEDEB1EA0AA3300DDC372 /* WTNetWorkManager.m in Sources */ = {isa = PBXBuildFile; fileRef = E18B9F0A1E729E440013EFA8 /* WTNetWorkManager.m */; };
		E1EDEDED1EA0AA3300DDC372 /* WTURLSessionTask.m in Sources */ = {isa = PBXBuildFile; fileRef = E18B9F811E72AB3F0013EFA8 /* WTURLSessionTask.m */; };
		E1EDEDF81EA0AEE700DDC372 /* WTKitWatchOS.h in Headers */ = {isa = PBXBuildFile; fileRef = E1EDEDF61EA0AEE700DDC372 /* WTKitWatchOS.h */; settings = {ATTRIBUTES = (Public, ); }; };
		E1EDEE051EA0AEF100DDC372 /* WTKitTVOS.h in Headers */ = {isa = PBXBuildFile; fileRef = E1EDEE031EA0AEF100DDC372 /* WTKitTVOS.h */; settings = {ATTRIBUTES = (Public, ); }; };
		E1EDEE091EA0AF0400DDC372 /* WTNetWorkManager.m in Sources */ = {isa = PBXBuildFile; fileRef = E18B9F0A1E729E440013EFA8 /* WTNetWorkManager.m */; };
		E1EDEE0A1EA0AF0400DDC372 /* WTURLSessionTask.m in Sources */ = {isa = PBXBuildFile; fileRef = E18B9F811E72AB3F0013EFA8 /* WTURLSessionTask.m */; };
		E1EDEE0B1EA0AF3500DDC372 /* WTNetWorkManager.m in Sources */ = {isa = PBXBuildFile; fileRef = E18B9F0A1E729E440013EFA8 /* WTNetWorkManager.m */; };
		E1EDEE0C1EA0AF3500DDC372 /* WTURLSessionTask.m in Sources */ = {isa = PBXBuildFile; fileRef = E18B9F811E72AB3F0013EFA8 /* WTURLSessionTask.m */; };
		E1EDEE0D1EA0B01800DDC372 /* NSDictionary+JSONModel.h in Headers */ = {isa = PBXBuildFile; fileRef = E18B9EDD1E729E440013EFA8 /* NSDictionary+JSONModel.h */; settings = {ATTRIBUTES = (Public, ); }; };
		E1EDEE0E1EA0B01800DDC372 /* WTDataSaver.h in Headers */ = {isa = PBXBuildFile; fileRef = E18B9F031E729E440013EFA8 /* WTDataSaver.h */; settings = {ATTRIBUTES = (Public, ); }; };
		E1EDEE0F1EA0B01800DDC372 /* NSOperationQueue+Nice.h in Headers */ = {isa = PBXBuildFile; fileRef = E18B9EE71E729E440013EFA8 /* NSOperationQueue+Nice.h */; settings = {ATTRIBUTES = (Public, ); }; };
		E1EDEE101EA0B01800DDC372 /* NSMutableArray+Nice.h in Headers */ = {isa = PBXBuildFile; fileRef = E18B9EE11E729E440013EFA8 /* NSMutableArray+Nice.h */; settings = {ATTRIBUTES = (Public, ); }; };
		E1EDEE111EA0B01800DDC372 /* NSObject+Nice.h in Headers */ = {isa = PBXBuildFile; fileRef = E18B9EE51E729E440013EFA8 /* NSObject+Nice.h */; settings = {ATTRIBUTES = (Public, ); }; };
		E1EDEE121EA0B01800DDC372 /* NSArray+Nice.h in Headers */ = {isa = PBXBuildFile; fileRef = E18B9EDB1E729E440013EFA8 /* NSArray+Nice.h */; settings = {ATTRIBUTES = (Public, ); }; };
		E1EDEE131EA0B01800DDC372 /* NSJSONSerialization+Nice.h in Headers */ = {isa = PBXBuildFile; fileRef = E18B9EDF1E729E440013EFA8 /* NSJSONSerialization+Nice.h */; settings = {ATTRIBUTES = (Public, ); }; };
		E1EDEE141EA0B02C00DDC372 /* WTNetWorkManager.h in Headers */ = {isa = PBXBuildFile; fileRef = E18B9F091E729E440013EFA8 /* WTNetWorkManager.h */; settings = {ATTRIBUTES = (Public, ); }; };
		E1EDEE151EA0B02C00DDC372 /* WTURLSessionTask.h in Headers */ = {isa = PBXBuildFile; fileRef = E18B9F801E72AB3F0013EFA8 /* WTURLSessionTask.h */; settings = {ATTRIBUTES = (Public, ); }; };
		E1EDEE161EA0B04300DDC372 /* WTNetWorkManager.h in Headers */ = {isa = PBXBuildFile; fileRef = E18B9F091E729E440013EFA8 /* WTNetWorkManager.h */; settings = {ATTRIBUTES = (Public, ); }; };
		E1EDEE171EA0B04300DDC372 /* WTURLSessionTask.h in Headers */ = {isa = PBXBuildFile; fileRef = E18B9F801E72AB3F0013EFA8 /* WTURLSessionTask.h */; settings = {ATTRIBUTES = (Public, ); }; };
		E1EDEE181EA0B04D00DDC372 /* WTNetWorkManager.h in Headers */ = {isa = PBXBuildFile; fileRef = E18B9F091E729E440013EFA8 /* WTNetWorkManager.h */; settings = {ATTRIBUTES = (Public, ); }; };
		E1EDEE191EA0B04D00DDC372 /* WTURLSessionTask.h in Headers */ = {isa = PBXBuildFile; fileRef = E18B9F801E72AB3F0013EFA8 /* WTURLSessionTask.h */; settings = {ATTRIBUTES = (Public, ); }; };
		E1F03B8D1F4EFA26007E06F8 /* NSObject+JSONModel.h in Headers */ = {isa = PBXBuildFile; fileRef = E18B9EE31E729E440013EFA8 /* NSObject+JSONModel.h */; settings = {ATTRIBUTES = (Public, ); }; };
/* End PBXBuildFile section */

/* Begin PBXFileReference section */
		E17E4AB91EA61FA000AF9B67 /* WTHUD.h */ = {isa = PBXFileReference; fileEncoding = 4; lastKnownFileType = sourcecode.c.h; path = WTHUD.h; sourceTree = "<group>"; };
		E17E4ABA1EA61FA000AF9B67 /* WTHUD.m */ = {isa = PBXFileReference; fileEncoding = 4; lastKnownFileType = sourcecode.c.objc; path = WTHUD.m; sourceTree = "<group>"; };
		E17E4ABD1EA620B500AF9B67 /* WTHUDView.h */ = {isa = PBXFileReference; fileEncoding = 4; lastKnownFileType = sourcecode.c.h; path = WTHUDView.h; sourceTree = "<group>"; };
		E17E4ABE1EA620B500AF9B67 /* WTHUDView.m */ = {isa = PBXFileReference; fileEncoding = 4; lastKnownFileType = sourcecode.c.objc; path = WTHUDView.m; sourceTree = "<group>"; };
		E18B9EA91E729D460013EFA8 /* WTKit.framework */ = {isa = PBXFileReference; explicitFileType = wrapper.framework; includeInIndex = 0; path = WTKit.framework; sourceTree = BUILT_PRODUCTS_DIR; };
		E18B9EAC1E729D460013EFA8 /* WTKit.h */ = {isa = PBXFileReference; lastKnownFileType = sourcecode.c.h; path = WTKit.h; sourceTree = "<group>"; };
		E18B9EAD1E729D460013EFA8 /* Info.plist */ = {isa = PBXFileReference; lastKnownFileType = text.plist.xml; path = Info.plist; sourceTree = "<group>"; };
		E18B9ED91E729E440013EFA8 /* CALayer+Nice.h */ = {isa = PBXFileReference; fileEncoding = 4; lastKnownFileType = sourcecode.c.h; path = "CALayer+Nice.h"; sourceTree = "<group>"; };
		E18B9EDA1E729E440013EFA8 /* CALayer+Nice.m */ = {isa = PBXFileReference; fileEncoding = 4; lastKnownFileType = sourcecode.c.objc; path = "CALayer+Nice.m"; sourceTree = "<group>"; };
		E18B9EDB1E729E440013EFA8 /* NSArray+Nice.h */ = {isa = PBXFileReference; fileEncoding = 4; lastKnownFileType = sourcecode.c.h; path = "NSArray+Nice.h"; sourceTree = "<group>"; };
		E18B9EDC1E729E440013EFA8 /* NSArray+Nice.m */ = {isa = PBXFileReference; fileEncoding = 4; lastKnownFileType = sourcecode.c.objc; path = "NSArray+Nice.m"; sourceTree = "<group>"; };
		E18B9EDD1E729E440013EFA8 /* NSDictionary+JSONModel.h */ = {isa = PBXFileReference; fileEncoding = 4; lastKnownFileType = sourcecode.c.h; path = "NSDictionary+JSONModel.h"; sourceTree = "<group>"; };
		E18B9EDE1E729E440013EFA8 /* NSDictionary+JSONModel.m */ = {isa = PBXFileReference; fileEncoding = 4; lastKnownFileType = sourcecode.c.objc; path = "NSDictionary+JSONModel.m"; sourceTree = "<group>"; };
		E18B9EDF1E729E440013EFA8 /* NSJSONSerialization+Nice.h */ = {isa = PBXFileReference; fileEncoding = 4; lastKnownFileType = sourcecode.c.h; path = "NSJSONSerialization+Nice.h"; sourceTree = "<group>"; };
		E18B9EE01E729E440013EFA8 /* NSJSONSerialization+Nice.m */ = {isa = PBXFileReference; fileEncoding = 4; lastKnownFileType = sourcecode.c.objc; path = "NSJSONSerialization+Nice.m"; sourceTree = "<group>"; };
		E18B9EE11E729E440013EFA8 /* NSMutableArray+Nice.h */ = {isa = PBXFileReference; fileEncoding = 4; lastKnownFileType = sourcecode.c.h; path = "NSMutableArray+Nice.h"; sourceTree = "<group>"; };
		E18B9EE21E729E440013EFA8 /* NSMutableArray+Nice.m */ = {isa = PBXFileReference; fileEncoding = 4; lastKnownFileType = sourcecode.c.objc; path = "NSMutableArray+Nice.m"; sourceTree = "<group>"; };
		E18B9EE31E729E440013EFA8 /* NSObject+JSONModel.h */ = {isa = PBXFileReference; fileEncoding = 4; lastKnownFileType = sourcecode.c.h; path = "NSObject+JSONModel.h"; sourceTree = "<group>"; };
		E18B9EE41E729E440013EFA8 /* NSObject+JSONModel.m */ = {isa = PBXFileReference; fileEncoding = 4; lastKnownFileType = sourcecode.c.objc; path = "NSObject+JSONModel.m"; sourceTree = "<group>"; };
		E18B9EE51E729E440013EFA8 /* NSObject+Nice.h */ = {isa = PBXFileReference; fileEncoding = 4; lastKnownFileType = sourcecode.c.h; path = "NSObject+Nice.h"; sourceTree = "<group>"; };
		E18B9EE61E729E440013EFA8 /* NSObject+Nice.m */ = {isa = PBXFileReference; fileEncoding = 4; lastKnownFileType = sourcecode.c.objc; path = "NSObject+Nice.m"; sourceTree = "<group>"; };
		E18B9EE71E729E440013EFA8 /* NSOperationQueue+Nice.h */ = {isa = PBXFileReference; fileEncoding = 4; lastKnownFileType = sourcecode.c.h; path = "NSOperationQueue+Nice.h"; sourceTree = "<group>"; };
		E18B9EE81E729E440013EFA8 /* NSOperationQueue+Nice.m */ = {isa = PBXFileReference; fileEncoding = 4; lastKnownFileType = sourcecode.c.objc; path = "NSOperationQueue+Nice.m"; sourceTree = "<group>"; };
		E18B9EE91E729E440013EFA8 /* UIAlertView+WTRequestCenter.h */ = {isa = PBXFileReference; fileEncoding = 4; lastKnownFileType = sourcecode.c.h; path = "UIAlertView+WTRequestCenter.h"; sourceTree = "<group>"; };
		E18B9EEA1E729E440013EFA8 /* UIAlertView+WTRequestCenter.m */ = {isa = PBXFileReference; fileEncoding = 4; lastKnownFileType = sourcecode.c.objc; path = "UIAlertView+WTRequestCenter.m"; sourceTree = "<group>"; };
		E18B9EEB1E729E440013EFA8 /* UIApplication+Nice.h */ = {isa = PBXFileReference; fileEncoding = 4; lastKnownFileType = sourcecode.c.h; path = "UIApplication+Nice.h"; sourceTree = "<group>"; };
		E18B9EEC1E729E440013EFA8 /* UIApplication+Nice.m */ = {isa = PBXFileReference; fileEncoding = 4; lastKnownFileType = sourcecode.c.objc; path = "UIApplication+Nice.m"; sourceTree = "<group>"; };
		E18B9EED1E729E440013EFA8 /* UIButton+WTRequestCenter.h */ = {isa = PBXFileReference; fileEncoding = 4; lastKnownFileType = sourcecode.c.h; path = "UIButton+WTRequestCenter.h"; sourceTree = "<group>"; };
		E18B9EEE1E729E440013EFA8 /* UIButton+WTRequestCenter.m */ = {isa = PBXFileReference; fileEncoding = 4; lastKnownFileType = sourcecode.c.objc; path = "UIButton+WTRequestCenter.m"; sourceTree = "<group>"; };
		E18B9EEF1E729E440013EFA8 /* UIColor+WTRequestCenter.h */ = {isa = PBXFileReference; fileEncoding = 4; lastKnownFileType = sourcecode.c.h; path = "UIColor+WTRequestCenter.h"; sourceTree = "<group>"; };
		E18B9EF01E729E440013EFA8 /* UIColor+WTRequestCenter.m */ = {isa = PBXFileReference; fileEncoding = 4; lastKnownFileType = sourcecode.c.objc; path = "UIColor+WTRequestCenter.m"; sourceTree = "<group>"; };
		E18B9EF31E729E440013EFA8 /* UIDevice+WTRequestCenter.h */ = {isa = PBXFileReference; fileEncoding = 4; lastKnownFileType = sourcecode.c.h; path = "UIDevice+WTRequestCenter.h"; sourceTree = "<group>"; };
		E18B9EF41E729E440013EFA8 /* UIDevice+WTRequestCenter.m */ = {isa = PBXFileReference; fileEncoding = 4; lastKnownFileType = sourcecode.c.objc; path = "UIDevice+WTRequestCenter.m"; sourceTree = "<group>"; };
		E18B9EF51E729E440013EFA8 /* UIImage+Nice.h */ = {isa = PBXFileReference; fileEncoding = 4; lastKnownFileType = sourcecode.c.h; path = "UIImage+Nice.h"; sourceTree = "<group>"; };
		E18B9EF61E729E440013EFA8 /* UIImage+Nice.m */ = {isa = PBXFileReference; fileEncoding = 4; lastKnownFileType = sourcecode.c.objc; path = "UIImage+Nice.m"; sourceTree = "<group>"; };
		E18B9EF71E729E440013EFA8 /* UIImageView+WTRequestCenter.h */ = {isa = PBXFileReference; fileEncoding = 4; lastKnownFileType = sourcecode.c.h; path = "UIImageView+WTRequestCenter.h"; sourceTree = "<group>"; };
		E18B9EF81E729E440013EFA8 /* UIImageView+WTRequestCenter.m */ = {isa = PBXFileReference; fileEncoding = 4; lastKnownFileType = sourcecode.c.objc; path = "UIImageView+WTRequestCenter.m"; sourceTree = "<group>"; };
		E18B9EFB1E729E440013EFA8 /* UIScreen+WTRequestCenter.h */ = {isa = PBXFileReference; fileEncoding = 4; lastKnownFileType = sourcecode.c.h; path = "UIScreen+WTRequestCenter.h"; sourceTree = "<group>"; };
		E18B9EFC1E729E440013EFA8 /* UIScreen+WTRequestCenter.m */ = {isa = PBXFileReference; fileEncoding = 4; lastKnownFileType = sourcecode.c.objc; path = "UIScreen+WTRequestCenter.m"; sourceTree = "<group>"; };
		E18B9EFD1E729E440013EFA8 /* UIView+Nice.h */ = {isa = PBXFileReference; fileEncoding = 4; lastKnownFileType = sourcecode.c.h; path = "UIView+Nice.h"; sourceTree = "<group>"; };
		E18B9EFE1E729E440013EFA8 /* UIView+Nice.m */ = {isa = PBXFileReference; fileEncoding = 4; lastKnownFileType = sourcecode.c.objc; path = "UIView+Nice.m"; sourceTree = "<group>"; };
		E18B9EFF1E729E440013EFA8 /* UIViewController+Nice.h */ = {isa = PBXFileReference; fileEncoding = 4; lastKnownFileType = sourcecode.c.h; path = "UIViewController+Nice.h"; sourceTree = "<group>"; };
		E18B9F001E729E440013EFA8 /* UIViewController+Nice.m */ = {isa = PBXFileReference; fileEncoding = 4; lastKnownFileType = sourcecode.c.objc; path = "UIViewController+Nice.m"; sourceTree = "<group>"; };
		E18B9F011E729E440013EFA8 /* WTCycleScrollView.h */ = {isa = PBXFileReference; fileEncoding = 4; lastKnownFileType = sourcecode.c.h; path = WTCycleScrollView.h; sourceTree = "<group>"; };
		E18B9F021E729E440013EFA8 /* WTCycleScrollView.m */ = {isa = PBXFileReference; fileEncoding = 4; lastKnownFileType = sourcecode.c.objc; path = WTCycleScrollView.m; sourceTree = "<group>"; };
		E18B9F031E729E440013EFA8 /* WTDataSaver.h */ = {isa = PBXFileReference; fileEncoding = 4; lastKnownFileType = sourcecode.c.h; path = WTDataSaver.h; sourceTree = "<group>"; };
		E18B9F041E729E440013EFA8 /* WTDataSaver.m */ = {isa = PBXFileReference; fileEncoding = 4; lastKnownFileType = sourcecode.c.objc; path = WTDataSaver.m; sourceTree = "<group>"; };
		E18B9F051E729E440013EFA8 /* WTImageViewer.h */ = {isa = PBXFileReference; fileEncoding = 4; lastKnownFileType = sourcecode.c.h; path = WTImageViewer.h; sourceTree = "<group>"; };
		E18B9F061E729E440013EFA8 /* WTImageViewer.m */ = {isa = PBXFileReference; fileEncoding = 4; lastKnownFileType = sourcecode.c.objc; path = WTImageViewer.m; sourceTree = "<group>"; };
		E18B9F071E729E440013EFA8 /* WTNetworkActivityIndicatorManager.h */ = {isa = PBXFileReference; fileEncoding = 4; lastKnownFileType = sourcecode.c.h; path = WTNetworkActivityIndicatorManager.h; sourceTree = "<group>"; };
		E18B9F081E729E440013EFA8 /* WTNetworkActivityIndicatorManager.m */ = {isa = PBXFileReference; fileEncoding = 4; lastKnownFileType = sourcecode.c.objc; path = WTNetworkActivityIndicatorManager.m; sourceTree = "<group>"; };
		E18B9F091E729E440013EFA8 /* WTNetWorkManager.h */ = {isa = PBXFileReference; fileEncoding = 4; lastKnownFileType = sourcecode.c.h; path = WTNetWorkManager.h; sourceTree = "<group>"; };
		E18B9F0A1E729E440013EFA8 /* WTNetWorkManager.m */ = {isa = PBXFileReference; fileEncoding = 4; lastKnownFileType = sourcecode.c.objc; path = WTNetWorkManager.m; sourceTree = "<group>"; };
		E18B9F0B1E729E440013EFA8 /* WTNumberLabel.h */ = {isa = PBXFileReference; fileEncoding = 4; lastKnownFileType = sourcecode.c.h; path = WTNumberLabel.h; sourceTree = "<group>"; };
		E18B9F0C1E729E440013EFA8 /* WTNumberLabel.m */ = {isa = PBXFileReference; fileEncoding = 4; lastKnownFileType = sourcecode.c.objc; path = WTNumberLabel.m; sourceTree = "<group>"; };
		E18B9F801E72AB3F0013EFA8 /* WTURLSessionTask.h */ = {isa = PBXFileReference; fileEncoding = 4; lastKnownFileType = sourcecode.c.h; path = WTURLSessionTask.h; sourceTree = "<group>"; };
		E18B9F811E72AB3F0013EFA8 /* WTURLSessionTask.m */ = {isa = PBXFileReference; fileEncoding = 4; lastKnownFileType = sourcecode.c.objc; path = WTURLSessionTask.m; sourceTree = "<group>"; };
		E1EDEDB41EA0AA2800DDC372 /* WTKitMacOS.framework */ = {isa = PBXFileReference; explicitFileType = wrapper.framework; includeInIndex = 0; path = WTKitMacOS.framework; sourceTree = BUILT_PRODUCTS_DIR; };
		E1EDEDB61EA0AA2800DDC372 /* WTKitMacOS.h */ = {isa = PBXFileReference; lastKnownFileType = sourcecode.c.h; path = WTKitMacOS.h; sourceTree = "<group>"; };
		E1EDEDB71EA0AA2800DDC372 /* Info.plist */ = {isa = PBXFileReference; lastKnownFileType = text.plist.xml; path = Info.plist; sourceTree = "<group>"; };
		E1EDEDF41EA0AEE700DDC372 /* WTKitWatchOS.framework */ = {isa = PBXFileReference; explicitFileType = wrapper.framework; includeInIndex = 0; path = WTKitWatchOS.framework; sourceTree = BUILT_PRODUCTS_DIR; };
		E1EDEDF61EA0AEE700DDC372 /* WTKitWatchOS.h */ = {isa = PBXFileReference; lastKnownFileType = sourcecode.c.h; path = WTKitWatchOS.h; sourceTree = "<group>"; };
		E1EDEDF71EA0AEE700DDC372 /* Info.plist */ = {isa = PBXFileReference; lastKnownFileType = text.plist.xml; path = Info.plist; sourceTree = "<group>"; };
		E1EDEE011EA0AEF100DDC372 /* WTKitTVOS.framework */ = {isa = PBXFileReference; explicitFileType = wrapper.framework; includeInIndex = 0; path = WTKitTVOS.framework; sourceTree = BUILT_PRODUCTS_DIR; };
		E1EDEE031EA0AEF100DDC372 /* WTKitTVOS.h */ = {isa = PBXFileReference; lastKnownFileType = sourcecode.c.h; path = WTKitTVOS.h; sourceTree = "<group>"; };
		E1EDEE041EA0AEF100DDC372 /* Info.plist */ = {isa = PBXFileReference; lastKnownFileType = text.plist.xml; path = Info.plist; sourceTree = "<group>"; };
/* End PBXFileReference section */

/* Begin PBXFrameworksBuildPhase section */
		E18B9EA51E729D460013EFA8 /* Frameworks */ = {
			isa = PBXFrameworksBuildPhase;
			buildActionMask = 2147483647;
			files = (
			);
			runOnlyForDeploymentPostprocessing = 0;
		};
		E1EDEDB01EA0AA2800DDC372 /* Frameworks */ = {
			isa = PBXFrameworksBuildPhase;
			buildActionMask = 2147483647;
			files = (
			);
			runOnlyForDeploymentPostprocessing = 0;
		};
		E1EDEDF01EA0AEE700DDC372 /* Frameworks */ = {
			isa = PBXFrameworksBuildPhase;
			buildActionMask = 2147483647;
			files = (
			);
			runOnlyForDeploymentPostprocessing = 0;
		};
		E1EDEDFD1EA0AEF100DDC372 /* Frameworks */ = {
			isa = PBXFrameworksBuildPhase;
			buildActionMask = 2147483647;
			files = (
			);
			runOnlyForDeploymentPostprocessing = 0;
		};
/* End PBXFrameworksBuildPhase section */

/* Begin PBXGroup section */
		E17E4AB81EA61F7B00AF9B67 /* HUD */ = {
			isa = PBXGroup;
			children = (
				E17E4AB91EA61FA000AF9B67 /* WTHUD.h */,
				E17E4ABA1EA61FA000AF9B67 /* WTHUD.m */,
				E17E4ABD1EA620B500AF9B67 /* WTHUDView.h */,
				E17E4ABE1EA620B500AF9B67 /* WTHUDView.m */,
			);
			name = HUD;
			sourceTree = "<group>";
		};
		E17E4AC11EA6241300AF9B67 /* WebImage */ = {
			isa = PBXGroup;
			children = (
				E18B9EED1E729E440013EFA8 /* UIButton+WTRequestCenter.h */,
				E18B9EEE1E729E440013EFA8 /* UIButton+WTRequestCenter.m */,
				E18B9EF71E729E440013EFA8 /* UIImageView+WTRequestCenter.h */,
				E18B9EF81E729E440013EFA8 /* UIImageView+WTRequestCenter.m */,
			);
			name = WebImage;
			sourceTree = "<group>";
		};
		E18B9E9F1E729D460013EFA8 = {
			isa = PBXGroup;
			children = (
				E18B9EAB1E729D460013EFA8 /* WTKit */,
				E1EDEDB51EA0AA2800DDC372 /* WTKitMacOS */,
				E1EDEDF51EA0AEE700DDC372 /* WTKitWatchOS */,
				E1EDEE021EA0AEF100DDC372 /* WTKitTVOS */,
				E18B9EAA1E729D460013EFA8 /* Products */,
			);
			sourceTree = "<group>";
		};
		E18B9EAA1E729D460013EFA8 /* Products */ = {
			isa = PBXGroup;
			children = (
				E18B9EA91E729D460013EFA8 /* WTKit.framework */,
				E1EDEDB41EA0AA2800DDC372 /* WTKitMacOS.framework */,
				E1EDEDF41EA0AEE700DDC372 /* WTKitWatchOS.framework */,
				E1EDEE011EA0AEF100DDC372 /* WTKitTVOS.framework */,
			);
			name = Products;
			sourceTree = "<group>";
		};
		E18B9EAB1E729D460013EFA8 /* WTKit */ = {
			isa = PBXGroup;
			children = (
				E17E4AC11EA6241300AF9B67 /* WebImage */,
				E17E4AB81EA61F7B00AF9B67 /* HUD */,
				E18B9F931E77C9330013EFA8 /* JSONModel */,
				E18B9F901E76AEA80013EFA8 /* Foundation */,
				E18B9F871E7678340013EFA8 /* UIKit */,
				E18B9F7F1E72AAF50013EFA8 /* NetWork */,
				E18B9EAC1E729D460013EFA8 /* WTKit.h */,
				E18B9EAD1E729D460013EFA8 /* Info.plist */,
			);
			path = WTKit;
			sourceTree = "<group>";
		};
		E18B9F7F1E72AAF50013EFA8 /* NetWork */ = {
			isa = PBXGroup;
			children = (
				E18B9F091E729E440013EFA8 /* WTNetWorkManager.h */,
				E18B9F0A1E729E440013EFA8 /* WTNetWorkManager.m */,
				E18B9F801E72AB3F0013EFA8 /* WTURLSessionTask.h */,
				E18B9F811E72AB3F0013EFA8 /* WTURLSessionTask.m */,
			);
			name = NetWork;
			sourceTree = "<group>";
		};
		E18B9F871E7678340013EFA8 /* UIKit */ = {
			isa = PBXGroup;
			children = (
				E18B9F071E729E440013EFA8 /* WTNetworkActivityIndicatorManager.h */,
				E18B9F081E729E440013EFA8 /* WTNetworkActivityIndicatorManager.m */,
				E18B9F051E729E440013EFA8 /* WTImageViewer.h */,
				E18B9F061E729E440013EFA8 /* WTImageViewer.m */,
				E18B9F0B1E729E440013EFA8 /* WTNumberLabel.h */,
				E18B9F0C1E729E440013EFA8 /* WTNumberLabel.m */,
				E18B9F011E729E440013EFA8 /* WTCycleScrollView.h */,
				E18B9F021E729E440013EFA8 /* WTCycleScrollView.m */,
				E18B9EFF1E729E440013EFA8 /* UIViewController+Nice.h */,
				E18B9F001E729E440013EFA8 /* UIViewController+Nice.m */,
				E18B9EE91E729E440013EFA8 /* UIAlertView+WTRequestCenter.h */,
				E18B9EEA1E729E440013EFA8 /* UIAlertView+WTRequestCenter.m */,
				E18B9EEB1E729E440013EFA8 /* UIApplication+Nice.h */,
				E18B9EEC1E729E440013EFA8 /* UIApplication+Nice.m */,
				E18B9EF31E729E440013EFA8 /* UIDevice+WTRequestCenter.h */,
				E18B9EF41E729E440013EFA8 /* UIDevice+WTRequestCenter.m */,
				E18B9EFB1E729E440013EFA8 /* UIScreen+WTRequestCenter.h */,
				E18B9EFC1E729E440013EFA8 /* UIScreen+WTRequestCenter.m */,
				E18B9EFD1E729E440013EFA8 /* UIView+Nice.h */,
				E18B9EFE1E729E440013EFA8 /* UIView+Nice.m */,
				E18B9EEF1E729E440013EFA8 /* UIColor+WTRequestCenter.h */,
				E18B9EF01E729E440013EFA8 /* UIColor+WTRequestCenter.m */,
				E18B9ED91E729E440013EFA8 /* CALayer+Nice.h */,
				E18B9EDA1E729E440013EFA8 /* CALayer+Nice.m */,
				E18B9EF51E729E440013EFA8 /* UIImage+Nice.h */,
				E18B9EF61E729E440013EFA8 /* UIImage+Nice.m */,
			);
			name = UIKit;
			sourceTree = "<group>";
		};
		E18B9F901E76AEA80013EFA8 /* Foundation */ = {
			isa = PBXGroup;
			children = (
				E18B9F031E729E440013EFA8 /* WTDataSaver.h */,
				E18B9F041E729E440013EFA8 /* WTDataSaver.m */,
				E18B9EE71E729E440013EFA8 /* NSOperationQueue+Nice.h */,
				E18B9EE81E729E440013EFA8 /* NSOperationQueue+Nice.m */,
				E18B9EE11E729E440013EFA8 /* NSMutableArray+Nice.h */,
				E18B9EE21E729E440013EFA8 /* NSMutableArray+Nice.m */,
				E18B9EE51E729E440013EFA8 /* NSObject+Nice.h */,
				E18B9EE61E729E440013EFA8 /* NSObject+Nice.m */,
				E18B9EDB1E729E440013EFA8 /* NSArray+Nice.h */,
				E18B9EDC1E729E440013EFA8 /* NSArray+Nice.m */,
				E18B9EDF1E729E440013EFA8 /* NSJSONSerialization+Nice.h */,
				E18B9EE01E729E440013EFA8 /* NSJSONSerialization+Nice.m */,
			);
			name = Foundation;
			sourceTree = "<group>";
		};
		E18B9F931E77C9330013EFA8 /* JSONModel */ = {
			isa = PBXGroup;
			children = (
				E18B9EE31E729E440013EFA8 /* NSObject+JSONModel.h */,
				E18B9EE41E729E440013EFA8 /* NSObject+JSONModel.m */,
				E18B9EDD1E729E440013EFA8 /* NSDictionary+JSONModel.h */,
				E18B9EDE1E729E440013EFA8 /* NSDictionary+JSONModel.m */,
			);
			name = JSONModel;
			sourceTree = "<group>";
		};
		E1EDEDB51EA0AA2800DDC372 /* WTKitMacOS */ = {
			isa = PBXGroup;
			children = (
				E1EDEDB61EA0AA2800DDC372 /* WTKitMacOS.h */,
				E1EDEDB71EA0AA2800DDC372 /* Info.plist */,
			);
			path = WTKitMacOS;
			sourceTree = "<group>";
		};
		E1EDEDF51EA0AEE700DDC372 /* WTKitWatchOS */ = {
			isa = PBXGroup;
			children = (
				E1EDEDF61EA0AEE700DDC372 /* WTKitWatchOS.h */,
				E1EDEDF71EA0AEE700DDC372 /* Info.plist */,
			);
			path = WTKitWatchOS;
			sourceTree = "<group>";
		};
		E1EDEE021EA0AEF100DDC372 /* WTKitTVOS */ = {
			isa = PBXGroup;
			children = (
				E1EDEE031EA0AEF100DDC372 /* WTKitTVOS.h */,
				E1EDEE041EA0AEF100DDC372 /* Info.plist */,
			);
			path = WTKitTVOS;
			sourceTree = "<group>";
		};
/* End PBXGroup section */

/* Begin PBXHeadersBuildPhase section */
		E18B9EA61E729D460013EFA8 /* Headers */ = {
			isa = PBXHeadersBuildPhase;
			buildActionMask = 2147483647;
			files = (
				E18B9F271E729E440013EFA8 /* UIDevice+WTRequestCenter.h in Headers */,
				E18B9F2F1E729E440013EFA8 /* UIScreen+WTRequestCenter.h in Headers */,
				E18B9F3D1E729E440013EFA8 /* WTNetWorkManager.h in Headers */,
				E18B9F1F1E729E440013EFA8 /* UIApplication+Nice.h in Headers */,
				E18B9F0F1E729E440013EFA8 /* NSArray+Nice.h in Headers */,
				E18B9F211E729E440013EFA8 /* UIButton+WTRequestCenter.h in Headers */,
				E18B9EAE1E729D460013EFA8 /* WTKit.h in Headers */,
				E18B9F0D1E729E440013EFA8 /* CALayer+Nice.h in Headers */,
				E18B9F131E729E440013EFA8 /* NSJSONSerialization+Nice.h in Headers */,
				E18B9F1D1E729E440013EFA8 /* UIAlertView+WTRequestCenter.h in Headers */,
				E18B9F171E729E440013EFA8 /* NSObject+JSONModel.h in Headers */,
				E18B9F231E729E440013EFA8 /* UIColor+WTRequestCenter.h in Headers */,
				E18B9F3B1E729E440013EFA8 /* WTNetworkActivityIndicatorManager.h in Headers */,
				E18B9F111E729E440013EFA8 /* NSDictionary+JSONModel.h in Headers */,
				E18B9F351E729E440013EFA8 /* WTCycleScrollView.h in Headers */,
				E18B9F391E729E440013EFA8 /* WTImageViewer.h in Headers */,
				E18B9F331E729E440013EFA8 /* UIViewController+Nice.h in Headers */,
				E18B9F151E729E440013EFA8 /* NSMutableArray+Nice.h in Headers */,
				E18B9F371E729E440013EFA8 /* WTDataSaver.h in Headers */,
				E18B9F311E729E440013EFA8 /* UIView+Nice.h in Headers */,
				E18B9F3F1E729E440013EFA8 /* WTNumberLabel.h in Headers */,
				E18B9F2B1E729E440013EFA8 /* UIImageView+WTRequestCenter.h in Headers */,
				E18B9F1B1E729E440013EFA8 /* NSOperationQueue+Nice.h in Headers */,
				E18B9F191E729E440013EFA8 /* NSObject+Nice.h in Headers */,
				E18B9F821E72AB3F0013EFA8 /* WTURLSessionTask.h in Headers */,
				E19F49AC1EA62B7C00842DE0 /* WTHUD.h in Headers */,
				E19F49AD1EA62B7C00842DE0 /* WTHUDView.h in Headers */,
				E18B9F291E729E440013EFA8 /* UIImage+Nice.h in Headers */,
			);
			runOnlyForDeploymentPostprocessing = 0;
		};
		E1EDEDB11EA0AA2800DDC372 /* Headers */ = {
			isa = PBXHeadersBuildPhase;
			buildActionMask = 2147483647;
			files = (
				E1EDEDB81EA0AA2800DDC372 /* WTKitMacOS.h in Headers */,
				E1EDEE0D1EA0B01800DDC372 /* NSDictionary+JSONModel.h in Headers */,
				E1EDEE0E1EA0B01800DDC372 /* WTDataSaver.h in Headers */,
				E1EDEE0F1EA0B01800DDC372 /* NSOperationQueue+Nice.h in Headers */,
				E1EDEE101EA0B01800DDC372 /* NSMutableArray+Nice.h in Headers */,
				E1EDEE111EA0B01800DDC372 /* NSObject+Nice.h in Headers */,
				E1EDEE121EA0B01800DDC372 /* NSArray+Nice.h in Headers */,
				E1EDEE141EA0B02C00DDC372 /* WTNetWorkManager.h in Headers */,
				E1F03B8D1F4EFA26007E06F8 /* NSObject+JSONModel.h in Headers */,
				E1EDEE151EA0B02C00DDC372 /* WTURLSessionTask.h in Headers */,
				E1EDEE131EA0B01800DDC372 /* NSJSONSerialization+Nice.h in Headers */,
			);
			runOnlyForDeploymentPostprocessing = 0;
		};
		E1EDEDF11EA0AEE700DDC372 /* Headers */ = {
			isa = PBXHeadersBuildPhase;
			buildActionMask = 2147483647;
			files = (
				E1EDEDF81EA0AEE700DDC372 /* WTKitWatchOS.h in Headers */,
				E1EDEE161EA0B04300DDC372 /* WTNetWorkManager.h in Headers */,
				E1EDEE171EA0B04300DDC372 /* WTURLSessionTask.h in Headers */,
			);
			runOnlyForDeploymentPostprocessing = 0;
		};
		E1EDEDFE1EA0AEF100DDC372 /* Headers */ = {
			isa = PBXHeadersBuildPhase;
			buildActionMask = 2147483647;
			files = (
				E1EDEE051EA0AEF100DDC372 /* WTKitTVOS.h in Headers */,
				E1EDEE181EA0B04D00DDC372 /* WTNetWorkManager.h in Headers */,
				E1EDEE191EA0B04D00DDC372 /* WTURLSessionTask.h in Headers */,
			);
			runOnlyForDeploymentPostprocessing = 0;
		};
/* End PBXHeadersBuildPhase section */

/* Begin PBXNativeTarget section */
		E18B9EA81E729D460013EFA8 /* WTKit */ = {
			isa = PBXNativeTarget;
			buildConfigurationList = E18B9EB11E729D460013EFA8 /* Build configuration list for PBXNativeTarget "WTKit" */;
			buildPhases = (
				E18B9EA41E729D460013EFA8 /* Sources */,
				E18B9EA51E729D460013EFA8 /* Frameworks */,
				E18B9EA61E729D460013EFA8 /* Headers */,
				E18B9EA71E729D460013EFA8 /* Resources */,
			);
			buildRules = (
			);
			dependencies = (
			);
			name = WTKit;
			productName = WTKit;
			productReference = E18B9EA91E729D460013EFA8 /* WTKit.framework */;
			productType = "com.apple.product-type.framework";
		};
		E1EDEDB31EA0AA2800DDC372 /* WTKitMacOS */ = {
			isa = PBXNativeTarget;
			buildConfigurationList = E1EDEDBB1EA0AA2800DDC372 /* Build configuration list for PBXNativeTarget "WTKitMacOS" */;
			buildPhases = (
				E1EDEDAF1EA0AA2800DDC372 /* Sources */,
				E1EDEDB01EA0AA2800DDC372 /* Frameworks */,
				E1EDEDB11EA0AA2800DDC372 /* Headers */,
				E1EDEDB21EA0AA2800DDC372 /* Resources */,
			);
			buildRules = (
			);
			dependencies = (
			);
			name = WTKitMacOS;
			productName = WTKitMacOS;
			productReference = E1EDEDB41EA0AA2800DDC372 /* WTKitMacOS.framework */;
			productType = "com.apple.product-type.framework";
		};
		E1EDEDF31EA0AEE700DDC372 /* WTKitWatchOS */ = {
			isa = PBXNativeTarget;
			buildConfigurationList = E1EDEDF91EA0AEE700DDC372 /* Build configuration list for PBXNativeTarget "WTKitWatchOS" */;
			buildPhases = (
				E1EDEDEF1EA0AEE700DDC372 /* Sources */,
				E1EDEDF01EA0AEE700DDC372 /* Frameworks */,
				E1EDEDF11EA0AEE700DDC372 /* Headers */,
				E1EDEDF21EA0AEE700DDC372 /* Resources */,
			);
			buildRules = (
			);
			dependencies = (
			);
			name = WTKitWatchOS;
			productName = WTKitWatchOS;
			productReference = E1EDEDF41EA0AEE700DDC372 /* WTKitWatchOS.framework */;
			productType = "com.apple.product-type.framework";
		};
		E1EDEE001EA0AEF100DDC372 /* WTKitTVOS */ = {
			isa = PBXNativeTarget;
			buildConfigurationList = E1EDEE061EA0AEF100DDC372 /* Build configuration list for PBXNativeTarget "WTKitTVOS" */;
			buildPhases = (
				E1EDEDFC1EA0AEF100DDC372 /* Sources */,
				E1EDEDFD1EA0AEF100DDC372 /* Frameworks */,
				E1EDEDFE1EA0AEF100DDC372 /* Headers */,
				E1EDEDFF1EA0AEF100DDC372 /* Resources */,
			);
			buildRules = (
			);
			dependencies = (
			);
			name = WTKitTVOS;
			productName = WTKitTVOS;
			productReference = E1EDEE011EA0AEF100DDC372 /* WTKitTVOS.framework */;
			productType = "com.apple.product-type.framework";
		};
/* End PBXNativeTarget section */

/* Begin PBXProject section */
		E18B9EA01E729D460013EFA8 /* Project object */ = {
			isa = PBXProject;
			attributes = {
				LastUpgradeCheck = 0820;
				ORGANIZATIONNAME = songwentong;
				TargetAttributes = {
					E18B9EA81E729D460013EFA8 = {
						CreatedOnToolsVersion = 8.2.1;
						DevelopmentTeam = QZFW9RQ778;
						ProvisioningStyle = Automatic;
					};
					E1EDEDB31EA0AA2800DDC372 = {
						CreatedOnToolsVersion = 8.3.1;
						DevelopmentTeam = QZFW9RQ778;
						ProvisioningStyle = Automatic;
					};
					E1EDEDF31EA0AEE700DDC372 = {
						CreatedOnToolsVersion = 8.3.1;
						DevelopmentTeam = QZFW9RQ778;
						ProvisioningStyle = Automatic;
					};
					E1EDEE001EA0AEF100DDC372 = {
						CreatedOnToolsVersion = 8.3.1;
						DevelopmentTeam = QZFW9RQ778;
						ProvisioningStyle = Automatic;
					};
				};
			};
			buildConfigurationList = E18B9EA31E729D460013EFA8 /* Build configuration list for PBXProject "WTKit" */;
			compatibilityVersion = "Xcode 3.2";
			developmentRegion = English;
			hasScannedForEncodings = 0;
			knownRegions = (
				en,
			);
			mainGroup = E18B9E9F1E729D460013EFA8;
			productRefGroup = E18B9EAA1E729D460013EFA8 /* Products */;
			projectDirPath = "";
			projectRoot = "";
			targets = (
				E18B9EA81E729D460013EFA8 /* WTKit */,
				E1EDEDB31EA0AA2800DDC372 /* WTKitMacOS */,
				E1EDEDF31EA0AEE700DDC372 /* WTKitWatchOS */,
				E1EDEE001EA0AEF100DDC372 /* WTKitTVOS */,
			);
		};
/* End PBXProject section */

/* Begin PBXResourcesBuildPhase section */
		E18B9EA71E729D460013EFA8 /* Resources */ = {
			isa = PBXResourcesBuildPhase;
			buildActionMask = 2147483647;
			files = (
			);
			runOnlyForDeploymentPostprocessing = 0;
		};
		E1EDEDB21EA0AA2800DDC372 /* Resources */ = {
			isa = PBXResourcesBuildPhase;
			buildActionMask = 2147483647;
			files = (
			);
			runOnlyForDeploymentPostprocessing = 0;
		};
		E1EDEDF21EA0AEE700DDC372 /* Resources */ = {
			isa = PBXResourcesBuildPhase;
			buildActionMask = 2147483647;
			files = (
			);
			runOnlyForDeploymentPostprocessing = 0;
		};
		E1EDEDFF1EA0AEF100DDC372 /* Resources */ = {
			isa = PBXResourcesBuildPhase;
			buildActionMask = 2147483647;
			files = (
			);
			runOnlyForDeploymentPostprocessing = 0;
		};
/* End PBXResourcesBuildPhase section */

/* Begin PBXSourcesBuildPhase section */
		E18B9EA41E729D460013EFA8 /* Sources */ = {
			isa = PBXSourcesBuildPhase;
			buildActionMask = 2147483647;
			files = (
				E18B9F3C1E729E440013EFA8 /* WTNetworkActivityIndicatorManager.m in Sources */,
				E18B9F161E729E440013EFA8 /* NSMutableArray+Nice.m in Sources */,
				E18B9F341E729E440013EFA8 /* UIViewController+Nice.m in Sources */,
				E18B9F831E72AB3F0013EFA8 /* WTURLSessionTask.m in Sources */,
				E18B9F321E729E440013EFA8 /* UIView+Nice.m in Sources */,
				E18B9F141E729E440013EFA8 /* NSJSONSerialization+Nice.m in Sources */,
				E17E4AC01EA620B500AF9B67 /* WTHUDView.m in Sources */,
				E17E4ABC1EA61FA000AF9B67 /* WTHUD.m in Sources */,
				E18B9F1E1E729E440013EFA8 /* UIAlertView+WTRequestCenter.m in Sources */,
				E18B9F0E1E729E440013EFA8 /* CALayer+Nice.m in Sources */,
				E18B9F2C1E729E440013EFA8 /* UIImageView+WTRequestCenter.m in Sources */,
				E18B9F1C1E729E440013EFA8 /* NSOperationQueue+Nice.m in Sources */,
				E18B9F381E729E440013EFA8 /* WTDataSaver.m in Sources */,
				E18B9F401E729E440013EFA8 /* WTNumberLabel.m in Sources */,
				E18B9F241E729E440013EFA8 /* UIColor+WTRequestCenter.m in Sources */,
				E18B9F201E729E440013EFA8 /* UIApplication+Nice.m in Sources */,
				E18B9F361E729E440013EFA8 /* WTCycleScrollView.m in Sources */,
				E18B9F2A1E729E440013EFA8 /* UIImage+Nice.m in Sources */,
				E18B9F281E729E440013EFA8 /* UIDevice+WTRequestCenter.m in Sources */,
				E18B9F1A1E729E440013EFA8 /* NSObject+Nice.m in Sources */,
				E18B9F121E729E440013EFA8 /* NSDictionary+JSONModel.m in Sources */,
				E18B9F3E1E729E440013EFA8 /* WTNetWorkManager.m in Sources */,
				E18B9F101E729E440013EFA8 /* NSArray+Nice.m in Sources */,
				E18B9F221E729E440013EFA8 /* UIButton+WTRequestCenter.m in Sources */,
				E18B9F181E729E440013EFA8 /* NSObject+JSONModel.m in Sources */,
				E18B9F301E729E440013EFA8 /* UIScreen+WTRequestCenter.m in Sources */,
				E18B9F3A1E729E440013EFA8 /* WTImageViewer.m in Sources */,
			);
			runOnlyForDeploymentPostprocessing = 0;
		};
		E1EDEDAF1EA0AA2800DDC372 /* Sources */ = {
			isa = PBXSourcesBuildPhase;
			buildActionMask = 2147483647;
			files = (
				E1EDEDBD1EA0AA3300DDC372 /* NSObject+JSONModel.m in Sources */,
				E1EDEDBF1EA0AA3300DDC372 /* NSDictionary+JSONModel.m in Sources */,
				E1EDEDC11EA0AA3300DDC372 /* WTDataSaver.m in Sources */,
				E1EDEDC31EA0AA3300DDC372 /* NSOperationQueue+Nice.m in Sources */,
				E1EDEDC51EA0AA3300DDC372 /* NSMutableArray+Nice.m in Sources */,
				E1EDEDC71EA0AA3300DDC372 /* NSObject+Nice.m in Sources */,
				E1EDEDC91EA0AA3300DDC372 /* NSArray+Nice.m in Sources */,
				E1EDEDCB1EA0AA3300DDC372 /* NSJSONSerialization+Nice.m in Sources */,
				E1EDEDEB1EA0AA3300DDC372 /* WTNetWorkManager.m in Sources */,
				E1EDEDED1EA0AA3300DDC372 /* WTURLSessionTask.m in Sources */,
			);
			runOnlyForDeploymentPostprocessing = 0;
		};
		E1EDEDEF1EA0AEE700DDC372 /* Sources */ = {
			isa = PBXSourcesBuildPhase;
			buildActionMask = 2147483647;
			files = (
				E1EDEE091EA0AF0400DDC372 /* WTNetWorkManager.m in Sources */,
				E1EDEE0A1EA0AF0400DDC372 /* WTURLSessionTask.m in Sources */,
			);
			runOnlyForDeploymentPostprocessing = 0;
		};
		E1EDEDFC1EA0AEF100DDC372 /* Sources */ = {
			isa = PBXSourcesBuildPhase;
			buildActionMask = 2147483647;
			files = (
				E1EDEE0B1EA0AF3500DDC372 /* WTNetWorkManager.m in Sources */,
				E1EDEE0C1EA0AF3500DDC372 /* WTURLSessionTask.m in Sources */,
			);
			runOnlyForDeploymentPostprocessing = 0;
		};
/* End PBXSourcesBuildPhase section */

/* Begin XCBuildConfiguration section */
		E18B9EAF1E729D460013EFA8 /* Debug */ = {
			isa = XCBuildConfiguration;
			buildSettings = {
				ALWAYS_SEARCH_USER_PATHS = NO;
				CLANG_ANALYZER_NONNULL = YES;
				CLANG_CXX_LANGUAGE_STANDARD = "gnu++0x";
				CLANG_CXX_LIBRARY = "libc++";
				CLANG_ENABLE_MODULES = YES;
				CLANG_ENABLE_OBJC_ARC = YES;
				CLANG_WARN_BOOL_CONVERSION = YES;
				CLANG_WARN_CONSTANT_CONVERSION = YES;
				CLANG_WARN_DIRECT_OBJC_ISA_USAGE = YES_ERROR;
				CLANG_WARN_DOCUMENTATION_COMMENTS = YES;
				CLANG_WARN_EMPTY_BODY = YES;
				CLANG_WARN_ENUM_CONVERSION = YES;
				CLANG_WARN_INFINITE_RECURSION = YES;
				CLANG_WARN_INT_CONVERSION = YES;
				CLANG_WARN_OBJC_ROOT_CLASS = YES_ERROR;
				CLANG_WARN_SUSPICIOUS_MOVE = YES;
				CLANG_WARN_UNREACHABLE_CODE = YES;
				CLANG_WARN__DUPLICATE_METHOD_MATCH = YES;
				"CODE_SIGN_IDENTITY[sdk=iphoneos*]" = "iPhone Developer";
				COPY_PHASE_STRIP = NO;
				CURRENT_PROJECT_VERSION = 1;
				DEBUG_INFORMATION_FORMAT = dwarf;
				ENABLE_STRICT_OBJC_MSGSEND = YES;
				ENABLE_TESTABILITY = YES;
				GCC_C_LANGUAGE_STANDARD = gnu99;
				GCC_DYNAMIC_NO_PIC = NO;
				GCC_NO_COMMON_BLOCKS = YES;
				GCC_OPTIMIZATION_LEVEL = 0;
				GCC_PREPROCESSOR_DEFINITIONS = (
					"DEBUG=1",
					"$(inherited)",
				);
				GCC_WARN_64_TO_32_BIT_CONVERSION = YES;
				GCC_WARN_ABOUT_RETURN_TYPE = YES_ERROR;
				GCC_WARN_UNDECLARED_SELECTOR = YES;
				GCC_WARN_UNINITIALIZED_AUTOS = YES_AGGRESSIVE;
				GCC_WARN_UNUSED_FUNCTION = YES;
				GCC_WARN_UNUSED_VARIABLE = YES;
				IPHONEOS_DEPLOYMENT_TARGET = 10.2;
				MTL_ENABLE_DEBUG_INFO = YES;
				ONLY_ACTIVE_ARCH = YES;
				SDKROOT = iphoneos;
				TARGETED_DEVICE_FAMILY = "1,2";
				VERSIONING_SYSTEM = "apple-generic";
				VERSION_INFO_PREFIX = "";
			};
			name = Debug;
		};
		E18B9EB01E729D460013EFA8 /* Release */ = {
			isa = XCBuildConfiguration;
			buildSettings = {
				ALWAYS_SEARCH_USER_PATHS = NO;
				CLANG_ANALYZER_NONNULL = YES;
				CLANG_CXX_LANGUAGE_STANDARD = "gnu++0x";
				CLANG_CXX_LIBRARY = "libc++";
				CLANG_ENABLE_MODULES = YES;
				CLANG_ENABLE_OBJC_ARC = YES;
				CLANG_WARN_BOOL_CONVERSION = YES;
				CLANG_WARN_CONSTANT_CONVERSION = YES;
				CLANG_WARN_DIRECT_OBJC_ISA_USAGE = YES_ERROR;
				CLANG_WARN_DOCUMENTATION_COMMENTS = YES;
				CLANG_WARN_EMPTY_BODY = YES;
				CLANG_WARN_ENUM_CONVERSION = YES;
				CLANG_WARN_INFINITE_RECURSION = YES;
				CLANG_WARN_INT_CONVERSION = YES;
				CLANG_WARN_OBJC_ROOT_CLASS = YES_ERROR;
				CLANG_WARN_SUSPICIOUS_MOVE = YES;
				CLANG_WARN_UNREACHABLE_CODE = YES;
				CLANG_WARN__DUPLICATE_METHOD_MATCH = YES;
				"CODE_SIGN_IDENTITY[sdk=iphoneos*]" = "iPhone Developer";
				COPY_PHASE_STRIP = NO;
				CURRENT_PROJECT_VERSION = 1;
				DEBUG_INFORMATION_FORMAT = "dwarf-with-dsym";
				ENABLE_NS_ASSERTIONS = NO;
				ENABLE_STRICT_OBJC_MSGSEND = YES;
				GCC_C_LANGUAGE_STANDARD = gnu99;
				GCC_NO_COMMON_BLOCKS = YES;
				GCC_WARN_64_TO_32_BIT_CONVERSION = YES;
				GCC_WARN_ABOUT_RETURN_TYPE = YES_ERROR;
				GCC_WARN_UNDECLARED_SELECTOR = YES;
				GCC_WARN_UNINITIALIZED_AUTOS = YES_AGGRESSIVE;
				GCC_WARN_UNUSED_FUNCTION = YES;
				GCC_WARN_UNUSED_VARIABLE = YES;
				IPHONEOS_DEPLOYMENT_TARGET = 10.2;
				MTL_ENABLE_DEBUG_INFO = NO;
				SDKROOT = iphoneos;
				TARGETED_DEVICE_FAMILY = "1,2";
				VALIDATE_PRODUCT = YES;
				VERSIONING_SYSTEM = "apple-generic";
				VERSION_INFO_PREFIX = "";
			};
			name = Release;
		};
		E18B9EB21E729D460013EFA8 /* Debug */ = {
			isa = XCBuildConfiguration;
			buildSettings = {
				CODE_SIGN_IDENTITY = "";
				DEFINES_MODULE = YES;
				DEVELOPMENT_TEAM = QZFW9RQ778;
				DYLIB_COMPATIBILITY_VERSION = 1;
				DYLIB_CURRENT_VERSION = 1;
				DYLIB_INSTALL_NAME_BASE = "@rpath";
				INFOPLIST_FILE = WTKit/Info.plist;
				INSTALL_PATH = "$(LOCAL_LIBRARY_DIR)/Frameworks";
				LD_RUNPATH_SEARCH_PATHS = "$(inherited) @executable_path/Frameworks @loader_path/Frameworks";
				PRODUCT_BUNDLE_IDENTIFIER = com.songwentong.WTKit;
				PRODUCT_NAME = "$(TARGET_NAME)";
				SKIP_INSTALL = YES;
			};
			name = Debug;
		};
		E18B9EB31E729D460013EFA8 /* Release */ = {
			isa = XCBuildConfiguration;
			buildSettings = {
				CODE_SIGN_IDENTITY = "";
				DEFINES_MODULE = YES;
				DEVELOPMENT_TEAM = QZFW9RQ778;
				DYLIB_COMPATIBILITY_VERSION = 1;
				DYLIB_CURRENT_VERSION = 1;
				DYLIB_INSTALL_NAME_BASE = "@rpath";
				INFOPLIST_FILE = WTKit/Info.plist;
				INSTALL_PATH = "$(LOCAL_LIBRARY_DIR)/Frameworks";
				LD_RUNPATH_SEARCH_PATHS = "$(inherited) @executable_path/Frameworks @loader_path/Frameworks";
				PRODUCT_BUNDLE_IDENTIFIER = com.songwentong.WTKit;
				PRODUCT_NAME = "$(TARGET_NAME)";
				SKIP_INSTALL = YES;
			};
			name = Release;
		};
		E1EDEDB91EA0AA2800DDC372 /* Debug */ = {
			isa = XCBuildConfiguration;
			buildSettings = {
				CLANG_ANALYZER_NUMBER_OBJECT_CONVERSION = YES_AGGRESSIVE;
				CODE_SIGN_IDENTITY = "-";
				COMBINE_HIDPI_IMAGES = YES;
				DEFINES_MODULE = YES;
				DEVELOPMENT_TEAM = QZFW9RQ778;
				DYLIB_COMPATIBILITY_VERSION = 1;
				DYLIB_CURRENT_VERSION = 1;
				DYLIB_INSTALL_NAME_BASE = "@rpath";
				FRAMEWORK_VERSION = A;
				INFOPLIST_FILE = WTKitMacOS/Info.plist;
				INSTALL_PATH = "$(LOCAL_LIBRARY_DIR)/Frameworks";
				LD_RUNPATH_SEARCH_PATHS = "$(inherited) @executable_path/../Frameworks @loader_path/Frameworks";
				MACOSX_DEPLOYMENT_TARGET = 10.12;
				PRODUCT_BUNDLE_IDENTIFIER = com.songwentong.WTKitMacOS;
				PRODUCT_NAME = "$(TARGET_NAME)";
				SDKROOT = macosx;
				SKIP_INSTALL = YES;
			};
			name = Debug;
		};
		E1EDEDBA1EA0AA2800DDC372 /* Release */ = {
			isa = XCBuildConfiguration;
			buildSettings = {
				CLANG_ANALYZER_NUMBER_OBJECT_CONVERSION = YES_AGGRESSIVE;
				CODE_SIGN_IDENTITY = "-";
				COMBINE_HIDPI_IMAGES = YES;
				DEFINES_MODULE = YES;
				DEVELOPMENT_TEAM = QZFW9RQ778;
				DYLIB_COMPATIBILITY_VERSION = 1;
				DYLIB_CURRENT_VERSION = 1;
				DYLIB_INSTALL_NAME_BASE = "@rpath";
				FRAMEWORK_VERSION = A;
				INFOPLIST_FILE = WTKitMacOS/Info.plist;
				INSTALL_PATH = "$(LOCAL_LIBRARY_DIR)/Frameworks";
				LD_RUNPATH_SEARCH_PATHS = "$(inherited) @executable_path/../Frameworks @loader_path/Frameworks";
				MACOSX_DEPLOYMENT_TARGET = 10.12;
				PRODUCT_BUNDLE_IDENTIFIER = com.songwentong.WTKitMacOS;
				PRODUCT_NAME = "$(TARGET_NAME)";
				SDKROOT = macosx;
				SKIP_INSTALL = YES;
			};
			name = Release;
		};
		E1EDEDFA1EA0AEE700DDC372 /* Debug */ = {
			isa = XCBuildConfiguration;
			buildSettings = {
				APPLICATION_EXTENSION_API_ONLY = YES;
				CLANG_ANALYZER_NUMBER_OBJECT_CONVERSION = YES_AGGRESSIVE;
				CODE_SIGN_IDENTITY = "";
				DEFINES_MODULE = YES;
				DEVELOPMENT_TEAM = QZFW9RQ778;
				DYLIB_COMPATIBILITY_VERSION = 1;
				DYLIB_CURRENT_VERSION = 1;
				DYLIB_INSTALL_NAME_BASE = "@rpath";
				INFOPLIST_FILE = WTKitWatchOS/Info.plist;
				INSTALL_PATH = "$(LOCAL_LIBRARY_DIR)/Frameworks";
				LD_RUNPATH_SEARCH_PATHS = "$(inherited) @executable_path/Frameworks @loader_path/Frameworks";
				PRODUCT_BUNDLE_IDENTIFIER = com.songwentong.WTKitWatchOS;
				PRODUCT_NAME = "$(TARGET_NAME)";
				SDKROOT = watchos;
				SKIP_INSTALL = YES;
				TARGETED_DEVICE_FAMILY = 4;
				WATCHOS_DEPLOYMENT_TARGET = 3.2;
			};
			name = Debug;
		};
		E1EDEDFB1EA0AEE700DDC372 /* Release */ = {
			isa = XCBuildConfiguration;
			buildSettings = {
				APPLICATION_EXTENSION_API_ONLY = YES;
				CLANG_ANALYZER_NUMBER_OBJECT_CONVERSION = YES_AGGRESSIVE;
				CODE_SIGN_IDENTITY = "";
				DEFINES_MODULE = YES;
				DEVELOPMENT_TEAM = QZFW9RQ778;
				DYLIB_COMPATIBILITY_VERSION = 1;
				DYLIB_CURRENT_VERSION = 1;
				DYLIB_INSTALL_NAME_BASE = "@rpath";
				INFOPLIST_FILE = WTKitWatchOS/Info.plist;
				INSTALL_PATH = "$(LOCAL_LIBRARY_DIR)/Frameworks";
				LD_RUNPATH_SEARCH_PATHS = "$(inherited) @executable_path/Frameworks @loader_path/Frameworks";
				PRODUCT_BUNDLE_IDENTIFIER = com.songwentong.WTKitWatchOS;
				PRODUCT_NAME = "$(TARGET_NAME)";
				SDKROOT = watchos;
				SKIP_INSTALL = YES;
				TARGETED_DEVICE_FAMILY = 4;
				WATCHOS_DEPLOYMENT_TARGET = 3.2;
			};
			name = Release;
		};
		E1EDEE071EA0AEF100DDC372 /* Debug */ = {
			isa = XCBuildConfiguration;
			buildSettings = {
				CLANG_ANALYZER_NUMBER_OBJECT_CONVERSION = YES_AGGRESSIVE;
				CODE_SIGN_IDENTITY = "";
				DEFINES_MODULE = YES;
				DEVELOPMENT_TEAM = QZFW9RQ778;
				DYLIB_COMPATIBILITY_VERSION = 1;
				DYLIB_CURRENT_VERSION = 1;
				DYLIB_INSTALL_NAME_BASE = "@rpath";
				INFOPLIST_FILE = WTKitTVOS/Info.plist;
				INSTALL_PATH = "$(LOCAL_LIBRARY_DIR)/Frameworks";
				LD_RUNPATH_SEARCH_PATHS = "$(inherited) @executable_path/Frameworks @loader_path/Frameworks";
				PRODUCT_BUNDLE_IDENTIFIER = com.songwentong.WTKitTVOS;
				PRODUCT_NAME = "$(TARGET_NAME)";
				SDKROOT = appletvos;
				SKIP_INSTALL = YES;
				TARGETED_DEVICE_FAMILY = 3;
				TVOS_DEPLOYMENT_TARGET = 10.2;
			};
			name = Debug;
		};
		E1EDEE081EA0AEF100DDC372 /* Release */ = {
			isa = XCBuildConfiguration;
			buildSettings = {
				CLANG_ANALYZER_NUMBER_OBJECT_CONVERSION = YES_AGGRESSIVE;
				CODE_SIGN_IDENTITY = "";
				DEFINES_MODULE = YES;
				DEVELOPMENT_TEAM = QZFW9RQ778;
				DYLIB_COMPATIBILITY_VERSION = 1;
				DYLIB_CURRENT_VERSION = 1;
				DYLIB_INSTALL_NAME_BASE = "@rpath";
				INFOPLIST_FILE = WTKitTVOS/Info.plist;
				INSTALL_PATH = "$(LOCAL_LIBRARY_DIR)/Frameworks";
				LD_RUNPATH_SEARCH_PATHS = "$(inherited) @executable_path/Frameworks @loader_path/Frameworks";
				PRODUCT_BUNDLE_IDENTIFIER = com.songwentong.WTKitTVOS;
				PRODUCT_NAME = "$(TARGET_NAME)";
				SDKROOT = appletvos;
				SKIP_INSTALL = YES;
				TARGETED_DEVICE_FAMILY = 3;
				TVOS_DEPLOYMENT_TARGET = 10.2;
			};
			name = Release;
		};
/* End XCBuildConfiguration section */

/* Begin XCConfigurationList section */
		E18B9EA31E729D460013EFA8 /* Build configuration list for PBXProject "WTKit" */ = {
			isa = XCConfigurationList;
			buildConfigurations = (
				E18B9EAF1E729D460013EFA8 /* Debug */,
				E18B9EB01E729D460013EFA8 /* Release */,
			);
			defaultConfigurationIsVisible = 0;
			defaultConfigurationName = Release;
		};
		E18B9EB11E729D460013EFA8 /* Build configuration list for PBXNativeTarget "WTKit" */ = {
			isa = XCConfigurationList;
			buildConfigurations = (
				E18B9EB21E729D460013EFA8 /* Debug */,
				E18B9EB31E729D460013EFA8 /* Release */,
			);
			defaultConfigurationIsVisible = 0;
			defaultConfigurationName = Release;
		};
		E1EDEDBB1EA0AA2800DDC372 /* Build configuration list for PBXNativeTarget "WTKitMacOS" */ = {
			isa = XCConfigurationList;
			buildConfigurations = (
				E1EDEDB91EA0AA2800DDC372 /* Debug */,
				E1EDEDBA1EA0AA2800DDC372 /* Release */,
			);
			defaultConfigurationIsVisible = 0;
			defaultConfigurationName = Release;
		};
		E1EDEDF91EA0AEE700DDC372 /* Build configuration list for PBXNativeTarget "WTKitWatchOS" */ = {
			isa = XCConfigurationList;
			buildConfigurations = (
				E1EDEDFA1EA0AEE700DDC372 /* Debug */,
				E1EDEDFB1EA0AEE700DDC372 /* Release */,
			);
			defaultConfigurationIsVisible = 0;
			defaultConfigurationName = Release;
		};
		E1EDEE061EA0AEF100DDC372 /* Build configuration list for PBXNativeTarget "WTKitTVOS" */ = {
			isa = XCConfigurationList;
			buildConfigurations = (
				E1EDEE071EA0AEF100DDC372 /* Debug */,
				E1EDEE081EA0AEF100DDC372 /* Release */,
			);
			defaultConfigurationIsVisible = 0;
			defaultConfigurationName = Release;
		};
/* End XCConfigurationList section */
	};
	rootObject = E18B9EA01E729D460013EFA8 /* Project object */;
}
