// !$*UTF8*$!
{
	archiveVersion = 1;
	classes = {
	};
	objectVersion = 47;
	objects = {

/* Begin PBXBuildFile section */
		A3B4A7C2199AF60C00A8BAF0 /* aaa@2x.gif in Resources */ = {isa = PBXBuildFile; fileRef = A3B4A7C1199AF60C00A8BAF0 /* aaa@2x.gif */; };
		E11D04A11BE1C96F0045C421 /* ImageViewCacheVC.m in Sources */ = {isa = PBXBuildFile; fileRef = E11D04A01BE1C96F0045C421 /* ImageViewCacheVC.m */; };
		E12573321BE34FB300DB6314 /* POSTImageViewController.m in Sources */ = {isa = PBXBuildFile; fileRef = E12573311BE34FB300DB6314 /* POSTImageViewController.m */; };
		E12573341BE3537D00DB6314 /* Reference in Resources */ = {isa = PBXBuildFile; fileRef = E12573331BE3537D00DB6314 /* Reference */; };
		E125733B1BE365BE00DB6314 /* UIColor+WTRequestCenter.m in Sources */ = {isa = PBXBuildFile; fileRef = E125733A1BE365BE00DB6314 /* UIColor+WTRequestCenter.m */; };
		E125733E1BE365E300DB6314 /* WTCycleScrollView.m in Sources */ = {isa = PBXBuildFile; fileRef = E125733D1BE365E300DB6314 /* WTCycleScrollView.m */; };
		E12573411BE365EE00DB6314 /* WTImageViewer.m in Sources */ = {isa = PBXBuildFile; fileRef = E12573401BE365EE00DB6314 /* WTImageViewer.m */; };
		E12573441BE3697700DB6314 /* UIButton+WTRequestCenter.m in Sources */ = {isa = PBXBuildFile; fileRef = E12573431BE3697700DB6314 /* UIButton+WTRequestCenter.m */; };
		E12573471BE7109D00DB6314 /* WTDataSaver.m in Sources */ = {isa = PBXBuildFile; fileRef = E12573461BE7109D00DB6314 /* WTDataSaver.m */; };
		E125736F1BE8A73400DB6314 /* Launch Screen.storyboard in Resources */ = {isa = PBXBuildFile; fileRef = E125736E1BE8A73400DB6314 /* Launch Screen.storyboard */; };
		E14B89321C7EAA8100805600 /* NSArray+Sort.m in Sources */ = {isa = PBXBuildFile; fileRef = E14B89311C7EAA8100805600 /* NSArray+Sort.m */; };
		E14B893A1C7EC5EC00805600 /* WTRequestCenterTests.m in Sources */ = {isa = PBXBuildFile; fileRef = E14B89391C7EC5EC00805600 /* WTRequestCenterTests.m */; };
		E18313D41C35270A00A52665 /* UIImage+ImageCache.m in Sources */ = {isa = PBXBuildFile; fileRef = E18313D31C35270A00A52665 /* UIImage+ImageCache.m */; };
		E19EE3201C5B5565007976DC /* GETViewController.m in Sources */ = {isa = PBXBuildFile; fileRef = E19EE31F1C5B5565007976DC /* GETViewController.m */; };
		E19EE3231C5B556F007976DC /* POSTViewController.m in Sources */ = {isa = PBXBuildFile; fileRef = E19EE3221C5B556F007976DC /* POSTViewController.m */; };
		E1BE635D1BDF10960059574A /* WTNetWorkManager.m in Sources */ = {isa = PBXBuildFile; fileRef = E1BE635A1BDF10960059574A /* WTNetWorkManager.m */; };
		E1BE637E1BDF109F0059574A /* UIImageView+WTRequestCenter.m in Sources */ = {isa = PBXBuildFile; fileRef = E1BE636B1BDF109F0059574A /* UIImageView+WTRequestCenter.m */; };
		E1D7A8BA1BE1C8650022F5DC /* HomeViewController.m in Sources */ = {isa = PBXBuildFile; fileRef = E1D7A8B91BE1C8650022F5DC /* HomeViewController.m */; };
		E1F4BE031AE0EF4F000F7F21 /* plan in Resources */ = {isa = PBXBuildFile; fileRef = E1F4BE021AE0EF4F000F7F21 /* plan */; };
		E4440D7B197A01B1001E6D88 /* InfoPlist.strings in Resources */ = {isa = PBXBuildFile; fileRef = E4440D79197A01B1001E6D88 /* InfoPlist.strings */; };
		E4440D7D197A01B1001E6D88 /* main.m in Sources */ = {isa = PBXBuildFile; fileRef = E4440D7C197A01B1001E6D88 /* main.m */; };
		E4440D81197A01B1001E6D88 /* AppDelegate.m in Sources */ = {isa = PBXBuildFile; fileRef = E4440D80197A01B1001E6D88 /* AppDelegate.m */; };
		E4440D84197A01B1001E6D88 /* Main.storyboard in Resources */ = {isa = PBXBuildFile; fileRef = E4440D82197A01B1001E6D88 /* Main.storyboard */; };
		E4440D89197A01B1001E6D88 /* Images.xcassets in Resources */ = {isa = PBXBuildFile; fileRef = E4440D88197A01B1001E6D88 /* Images.xcassets */; };
/* End PBXBuildFile section */

/* Begin PBXContainerItemProxy section */
		E14B893C1C7EC5EC00805600 /* PBXContainerItemProxy */ = {
			isa = PBXContainerItemProxy;
			containerPortal = E4440D65197A01B1001E6D88 /* Project object */;
			proxyType = 1;
			remoteGlobalIDString = E4440D6C197A01B1001E6D88;
			remoteInfo = WTRequestCenter;
		};
/* End PBXContainerItemProxy section */

/* Begin PBXFileReference section */
		A3B4A7C1199AF60C00A8BAF0 /* aaa@2x.gif */ = {isa = PBXFileReference; lastKnownFileType = image.gif; name = "aaa@2x.gif"; path = "WTRequestCenter/aaa@2x.gif"; sourceTree = "<group>"; };
		E11D049F1BE1C96F0045C421 /* ImageViewCacheVC.h */ = {isa = PBXFileReference; fileEncoding = 4; lastKnownFileType = sourcecode.c.h; path = ImageViewCacheVC.h; sourceTree = "<group>"; };
		E11D04A01BE1C96F0045C421 /* ImageViewCacheVC.m */ = {isa = PBXFileReference; fileEncoding = 4; lastKnownFileType = sourcecode.c.objc; path = ImageViewCacheVC.m; sourceTree = "<group>"; };
		E12573301BE34FB300DB6314 /* POSTImageViewController.h */ = {isa = PBXFileReference; fileEncoding = 4; lastKnownFileType = sourcecode.c.h; path = POSTImageViewController.h; sourceTree = "<group>"; };
		E12573311BE34FB300DB6314 /* POSTImageViewController.m */ = {isa = PBXFileReference; fileEncoding = 4; lastKnownFileType = sourcecode.c.objc; path = POSTImageViewController.m; sourceTree = "<group>"; };
		E12573331BE3537D00DB6314 /* Reference */ = {isa = PBXFileReference; fileEncoding = 4; lastKnownFileType = text; path = Reference; sourceTree = "<group>"; };
		E12573391BE365BE00DB6314 /* UIColor+WTRequestCenter.h */ = {isa = PBXFileReference; fileEncoding = 4; lastKnownFileType = sourcecode.c.h; path = "UIColor+WTRequestCenter.h"; sourceTree = "<group>"; };
		E125733A1BE365BE00DB6314 /* UIColor+WTRequestCenter.m */ = {isa = PBXFileReference; fileEncoding = 4; lastKnownFileType = sourcecode.c.objc; path = "UIColor+WTRequestCenter.m"; sourceTree = "<group>"; };
		E125733C1BE365E300DB6314 /* WTCycleScrollView.h */ = {isa = PBXFileReference; fileEncoding = 4; lastKnownFileType = sourcecode.c.h; path = WTCycleScrollView.h; sourceTree = "<group>"; };
		E125733D1BE365E300DB6314 /* WTCycleScrollView.m */ = {isa = PBXFileReference; fileEncoding = 4; lastKnownFileType = sourcecode.c.objc; path = WTCycleScrollView.m; sourceTree = "<group>"; };
		E125733F1BE365EE00DB6314 /* WTImageViewer.h */ = {isa = PBXFileReference; fileEncoding = 4; lastKnownFileType = sourcecode.c.h; path = WTImageViewer.h; sourceTree = "<group>"; };
		E12573401BE365EE00DB6314 /* WTImageViewer.m */ = {isa = PBXFileReference; fileEncoding = 4; lastKnownFileType = sourcecode.c.objc; path = WTImageViewer.m; sourceTree = "<group>"; };
		E12573421BE3697700DB6314 /* UIButton+WTRequestCenter.h */ = {isa = PBXFileReference; fileEncoding = 4; lastKnownFileType = sourcecode.c.h; path = "UIButton+WTRequestCenter.h"; sourceTree = "<group>"; };
		E12573431BE3697700DB6314 /* UIButton+WTRequestCenter.m */ = {isa = PBXFileReference; fileEncoding = 4; lastKnownFileType = sourcecode.c.objc; path = "UIButton+WTRequestCenter.m"; sourceTree = "<group>"; };
		E12573451BE7109D00DB6314 /* WTDataSaver.h */ = {isa = PBXFileReference; fileEncoding = 4; lastKnownFileType = sourcecode.c.h; path = WTDataSaver.h; sourceTree = "<group>"; };
		E12573461BE7109D00DB6314 /* WTDataSaver.m */ = {isa = PBXFileReference; fileEncoding = 4; lastKnownFileType = sourcecode.c.objc; path = WTDataSaver.m; sourceTree = "<group>"; };
		E125736E1BE8A73400DB6314 /* Launch Screen.storyboard */ = {isa = PBXFileReference; fileEncoding = 4; lastKnownFileType = file.storyboard; path = "Launch Screen.storyboard"; sourceTree = "<group>"; };
		E14B89301C7EAA8100805600 /* NSArray+Sort.h */ = {isa = PBXFileReference; fileEncoding = 4; lastKnownFileType = sourcecode.c.h; path = "NSArray+Sort.h"; sourceTree = "<group>"; };
		E14B89311C7EAA8100805600 /* NSArray+Sort.m */ = {isa = PBXFileReference; fileEncoding = 4; lastKnownFileType = sourcecode.c.objc; path = "NSArray+Sort.m"; sourceTree = "<group>"; };
		E14B89371C7EC5EC00805600 /* WTRequestCenterTests.xctest */ = {isa = PBXFileReference; explicitFileType = wrapper.cfbundle; includeInIndex = 0; path = WTRequestCenterTests.xctest; sourceTree = BUILT_PRODUCTS_DIR; };
		E14B89391C7EC5EC00805600 /* WTRequestCenterTests.m */ = {isa = PBXFileReference; lastKnownFileType = sourcecode.c.objc; path = WTRequestCenterTests.m; sourceTree = "<group>"; };
		E14B893B1C7EC5EC00805600 /* Info.plist */ = {isa = PBXFileReference; lastKnownFileType = text.plist.xml; path = Info.plist; sourceTree = "<group>"; };
		E18313D21C35270A00A52665 /* UIImage+ImageCache.h */ = {isa = PBXFileReference; fileEncoding = 4; lastKnownFileType = sourcecode.c.h; path = "UIImage+ImageCache.h"; sourceTree = "<group>"; };
		E18313D31C35270A00A52665 /* UIImage+ImageCache.m */ = {isa = PBXFileReference; fileEncoding = 4; lastKnownFileType = sourcecode.c.objc; path = "UIImage+ImageCache.m"; sourceTree = "<group>"; };
		E19EE31E1C5B5565007976DC /* GETViewController.h */ = {isa = PBXFileReference; fileEncoding = 4; lastKnownFileType = sourcecode.c.h; path = GETViewController.h; sourceTree = "<group>"; };
		E19EE31F1C5B5565007976DC /* GETViewController.m */ = {isa = PBXFileReference; fileEncoding = 4; lastKnownFileType = sourcecode.c.objc; path = GETViewController.m; sourceTree = "<group>"; };
		E19EE3211C5B556F007976DC /* POSTViewController.h */ = {isa = PBXFileReference; fileEncoding = 4; lastKnownFileType = sourcecode.c.h; path = POSTViewController.h; sourceTree = "<group>"; };
		E19EE3221C5B556F007976DC /* POSTViewController.m */ = {isa = PBXFileReference; fileEncoding = 4; lastKnownFileType = sourcecode.c.objc; path = POSTViewController.m; sourceTree = "<group>"; };
		E1BE63581BDF10960059574A /* WTNetWork.h */ = {isa = PBXFileReference; fileEncoding = 4; lastKnownFileType = sourcecode.c.h; path = WTNetWork.h; sourceTree = "<group>"; };
		E1BE63591BDF10960059574A /* WTNetWorkManager.h */ = {isa = PBXFileReference; fileEncoding = 4; lastKnownFileType = sourcecode.c.h; path = WTNetWorkManager.h; sourceTree = "<group>"; };
		E1BE635A1BDF10960059574A /* WTNetWorkManager.m */ = {isa = PBXFileReference; fileEncoding = 4; lastKnownFileType = sourcecode.c.objc; path = WTNetWorkManager.m; sourceTree = "<group>"; };
		E1BE636A1BDF109F0059574A /* UIImageView+WTRequestCenter.h */ = {isa = PBXFileReference; fileEncoding = 4; lastKnownFileType = sourcecode.c.h; path = "UIImageView+WTRequestCenter.h"; sourceTree = "<group>"; };
		E1BE636B1BDF109F0059574A /* UIImageView+WTRequestCenter.m */ = {isa = PBXFileReference; fileEncoding = 4; lastKnownFileType = sourcecode.c.objc; path = "UIImageView+WTRequestCenter.m"; sourceTree = "<group>"; };
		E1BE636C1BDF109F0059574A /* UIKit+WTRequestCenter.h */ = {isa = PBXFileReference; fileEncoding = 4; lastKnownFileType = sourcecode.c.h; path = "UIKit+WTRequestCenter.h"; sourceTree = "<group>"; };
		E1D7A8B81BE1C8650022F5DC /* HomeViewController.h */ = {isa = PBXFileReference; fileEncoding = 4; lastKnownFileType = sourcecode.c.h; path = HomeViewController.h; sourceTree = "<group>"; };
		E1D7A8B91BE1C8650022F5DC /* HomeViewController.m */ = {isa = PBXFileReference; fileEncoding = 4; lastKnownFileType = sourcecode.c.objc; path = HomeViewController.m; sourceTree = "<group>"; };
		E1F4BE021AE0EF4F000F7F21 /* plan */ = {isa = PBXFileReference; fileEncoding = 4; lastKnownFileType = text; path = plan; sourceTree = "<group>"; };
		E4440D6D197A01B1001E6D88 /* WTRequestCenter.app */ = {isa = PBXFileReference; explicitFileType = wrapper.application; includeInIndex = 0; path = WTRequestCenter.app; sourceTree = BUILT_PRODUCTS_DIR; };
		E4440D78197A01B1001E6D88 /* WTRequestCenter-Info.plist */ = {isa = PBXFileReference; lastKnownFileType = text.plist.xml; path = "WTRequestCenter-Info.plist"; sourceTree = "<group>"; };
		E4440D7A197A01B1001E6D88 /* en */ = {isa = PBXFileReference; lastKnownFileType = text.plist.strings; name = en; path = en.lproj/InfoPlist.strings; sourceTree = "<group>"; };
		E4440D7C197A01B1001E6D88 /* main.m */ = {isa = PBXFileReference; lastKnownFileType = sourcecode.c.objc; path = main.m; sourceTree = "<group>"; };
		E4440D7F197A01B1001E6D88 /* AppDelegate.h */ = {isa = PBXFileReference; lastKnownFileType = sourcecode.c.h; path = AppDelegate.h; sourceTree = "<group>"; };
		E4440D80197A01B1001E6D88 /* AppDelegate.m */ = {isa = PBXFileReference; lastKnownFileType = sourcecode.c.objc; path = AppDelegate.m; sourceTree = "<group>"; };
		E4440D83197A01B1001E6D88 /* Base */ = {isa = PBXFileReference; lastKnownFileType = file.storyboard; name = Base; path = Base.lproj/Main.storyboard; sourceTree = "<group>"; };
		E4440D88197A01B1001E6D88 /* Images.xcassets */ = {isa = PBXFileReference; lastKnownFileType = folder.assetcatalog; name = Images.xcassets; path = WTRequestCenter/Images.xcassets; sourceTree = "<group>"; };
/* End PBXFileReference section */

/* Begin PBXFrameworksBuildPhase section */
		E14B89341C7EC5EC00805600 /* Frameworks */ = {
			isa = PBXFrameworksBuildPhase;
			buildActionMask = 2147483647;
			files = (
			);
			runOnlyForDeploymentPostprocessing = 0;
		};
		E4440D6A197A01B1001E6D88 /* Frameworks */ = {
			isa = PBXFrameworksBuildPhase;
			buildActionMask = 2147483647;
			files = (
			);
			runOnlyForDeploymentPostprocessing = 0;
		};
/* End PBXFrameworksBuildPhase section */

/* Begin PBXGroup section */
		A3B40EB019B04BD90060F158 /* Res */ = {
			isa = PBXGroup;
			children = (
				E4440D88197A01B1001E6D88 /* Images.xcassets */,
				A3B4A7C1199AF60C00A8BAF0 /* aaa@2x.gif */,
			);
			name = Res;
			sourceTree = "<group>";
		};
		E11D049E1BE1C9550045C421 /* ViewControllers */ = {
			isa = PBXGroup;
			children = (
				E11D049F1BE1C96F0045C421 /* ImageViewCacheVC.h */,
				E11D04A01BE1C96F0045C421 /* ImageViewCacheVC.m */,
				E12573301BE34FB300DB6314 /* POSTImageViewController.h */,
				E12573311BE34FB300DB6314 /* POSTImageViewController.m */,
				E19EE31E1C5B5565007976DC /* GETViewController.h */,
				E19EE31F1C5B5565007976DC /* GETViewController.m */,
				E19EE3211C5B556F007976DC /* POSTViewController.h */,
				E19EE3221C5B556F007976DC /* POSTViewController.m */,
			);
			name = ViewControllers;
			sourceTree = "<group>";
		};
		E14B89381C7EC5EC00805600 /* WTRequestCenterTests */ = {
			isa = PBXGroup;
			children = (
				E14B89391C7EC5EC00805600 /* WTRequestCenterTests.m */,
				E14B893B1C7EC5EC00805600 /* Info.plist */,
			);
			path = WTRequestCenterTests;
			sourceTree = "<group>";
		};
		E1BE63571BDF10960059574A /* WTNetWork */ = {
			isa = PBXGroup;
			children = (
				E1BE63581BDF10960059574A /* WTNetWork.h */,
				E1BE63591BDF10960059574A /* WTNetWorkManager.h */,
				E1BE635A1BDF10960059574A /* WTNetWorkManager.m */,
			);
			path = WTNetWork;
			sourceTree = "<group>";
		};
		E1BE635F1BDF109F0059574A /* UIKit+WTRequestCenter */ = {
			isa = PBXGroup;
			children = (
				E1BE636C1BDF109F0059574A /* UIKit+WTRequestCenter.h */,
				E12573451BE7109D00DB6314 /* WTDataSaver.h */,
				E12573461BE7109D00DB6314 /* WTDataSaver.m */,
				E18313D21C35270A00A52665 /* UIImage+ImageCache.h */,
				E18313D31C35270A00A52665 /* UIImage+ImageCache.m */,
				E1BE636A1BDF109F0059574A /* UIImageView+WTRequestCenter.h */,
				E1BE636B1BDF109F0059574A /* UIImageView+WTRequestCenter.m */,
				E12573421BE3697700DB6314 /* UIButton+WTRequestCenter.h */,
				E12573431BE3697700DB6314 /* UIButton+WTRequestCenter.m */,
				E12573391BE365BE00DB6314 /* UIColor+WTRequestCenter.h */,
				E125733A1BE365BE00DB6314 /* UIColor+WTRequestCenter.m */,
				E125733F1BE365EE00DB6314 /* WTImageViewer.h */,
				E12573401BE365EE00DB6314 /* WTImageViewer.m */,
				E125733C1BE365E300DB6314 /* WTCycleScrollView.h */,
				E125733D1BE365E300DB6314 /* WTCycleScrollView.m */,
				E14B89301C7EAA8100805600 /* NSArray+Sort.h */,
				E14B89311C7EAA8100805600 /* NSArray+Sort.m */,
			);
			path = "UIKit+WTRequestCenter";
			sourceTree = "<group>";
		};
		E4440D64197A01B1001E6D88 = {
			isa = PBXGroup;
			children = (
				E1BE63571BDF10960059574A /* WTNetWork */,
				E1BE635F1BDF109F0059574A /* UIKit+WTRequestCenter */,
				E4440D76197A01B1001E6D88 /* Classes */,
				E4440D77197A01B1001E6D88 /* Supporting Files */,
				A3B40EB019B04BD90060F158 /* Res */,
				E14B89381C7EC5EC00805600 /* WTRequestCenterTests */,
				E4440D6E197A01B1001E6D88 /* Products */,
			);
			sourceTree = "<group>";
		};
		E4440D6E197A01B1001E6D88 /* Products */ = {
			isa = PBXGroup;
			children = (
				E4440D6D197A01B1001E6D88 /* WTRequestCenter.app */,
				E14B89371C7EC5EC00805600 /* WTRequestCenterTests.xctest */,
			);
			name = Products;
			sourceTree = "<group>";
		};
		E4440D76197A01B1001E6D88 /* Classes */ = {
			isa = PBXGroup;
			children = (
				E11D049E1BE1C9550045C421 /* ViewControllers */,
				E1F4BE021AE0EF4F000F7F21 /* plan */,
				E12573331BE3537D00DB6314 /* Reference */,
				E4440D7F197A01B1001E6D88 /* AppDelegate.h */,
				E4440D80197A01B1001E6D88 /* AppDelegate.m */,
				E4440D82197A01B1001E6D88 /* Main.storyboard */,
				E1D7A8B81BE1C8650022F5DC /* HomeViewController.h */,
				E1D7A8B91BE1C8650022F5DC /* HomeViewController.m */,
			);
			name = Classes;
			path = WTRequestCenter;
			sourceTree = "<group>";
		};
		E4440D77197A01B1001E6D88 /* Supporting Files */ = {
			isa = PBXGroup;
			children = (
				E4440D78197A01B1001E6D88 /* WTRequestCenter-Info.plist */,
				E4440D79197A01B1001E6D88 /* InfoPlist.strings */,
				E4440D7C197A01B1001E6D88 /* main.m */,
				E125736E1BE8A73400DB6314 /* Launch Screen.storyboard */,
			);
			name = "Supporting Files";
			path = WTRequestCenter;
			sourceTree = "<group>";
		};
/* End PBXGroup section */

/* Begin PBXNativeTarget section */
		E14B89361C7EC5EC00805600 /* WTRequestCenterTests */ = {
			isa = PBXNativeTarget;
			buildConfigurationList = E14B893E1C7EC5EC00805600 /* Build configuration list for PBXNativeTarget "WTRequestCenterTests" */;
			buildPhases = (
				E14B89331C7EC5EC00805600 /* Sources */,
				E14B89341C7EC5EC00805600 /* Frameworks */,
				E14B89351C7EC5EC00805600 /* Resources */,
			);
			buildRules = (
			);
			dependencies = (
				E14B893D1C7EC5EC00805600 /* PBXTargetDependency */,
			);
			name = WTRequestCenterTests;
			productName = WTRequestCenterTests;
			productReference = E14B89371C7EC5EC00805600 /* WTRequestCenterTests.xctest */;
			productType = "com.apple.product-type.bundle.unit-test";
		};
		E4440D6C197A01B1001E6D88 /* WTRequestCenter */ = {
			isa = PBXNativeTarget;
			buildConfigurationList = E4440D9F197A01B1001E6D88 /* Build configuration list for PBXNativeTarget "WTRequestCenter" */;
			buildPhases = (
				E4440D69197A01B1001E6D88 /* Sources */,
				E4440D6A197A01B1001E6D88 /* Frameworks */,
				E4440D6B197A01B1001E6D88 /* Resources */,
			);
			buildRules = (
			);
			dependencies = (
			);
			name = WTRequestCenter;
			productName = WTRequestCenter;
			productReference = E4440D6D197A01B1001E6D88 /* WTRequestCenter.app */;
			productType = "com.apple.product-type.application";
		};
/* End PBXNativeTarget section */

/* Begin PBXProject section */
		E4440D65197A01B1001E6D88 /* Project object */ = {
			isa = PBXProject;
			attributes = {
				LastUpgradeCheck = 0710;
				ORGANIZATIONNAME = song;
				TargetAttributes = {
					E14B89361C7EC5EC00805600 = {
						CreatedOnToolsVersion = 7.2;
						TestTargetID = E4440D6C197A01B1001E6D88;
					};
					E4440D6C197A01B1001E6D88 = {
						DevelopmentTeam = VN5SD4NGLS;
						SystemCapabilities = {
							com.apple.iOS = {
								enabled = 0;
							};
						};
					};
				};
			};
			buildConfigurationList = E4440D68197A01B1001E6D88 /* Build configuration list for PBXProject "WTRequestCenter" */;
			compatibilityVersion = "Xcode 6.3";
			developmentRegion = English;
			hasScannedForEncodings = 0;
			knownRegions = (
				en,
				Base,
			);
			mainGroup = E4440D64197A01B1001E6D88;
			productRefGroup = E4440D6E197A01B1001E6D88 /* Products */;
			projectDirPath = "";
			projectRoot = "";
			targets = (
				E4440D6C197A01B1001E6D88 /* WTRequestCenter */,
				E14B89361C7EC5EC00805600 /* WTRequestCenterTests */,
			);
		};
/* End PBXProject section */

/* Begin PBXResourcesBuildPhase section */
		E14B89351C7EC5EC00805600 /* Resources */ = {
			isa = PBXResourcesBuildPhase;
			buildActionMask = 2147483647;
			files = (
			);
			runOnlyForDeploymentPostprocessing = 0;
		};
		E4440D6B197A01B1001E6D88 /* Resources */ = {
			isa = PBXResourcesBuildPhase;
			buildActionMask = 2147483647;
			files = (
				E4440D89197A01B1001E6D88 /* Images.xcassets in Resources */,
				E4440D7B197A01B1001E6D88 /* InfoPlist.strings in Resources */,
				E4440D84197A01B1001E6D88 /* Main.storyboard in Resources */,
				E1F4BE031AE0EF4F000F7F21 /* plan in Resources */,
				E12573341BE3537D00DB6314 /* Reference in Resources */,
				A3B4A7C2199AF60C00A8BAF0 /* aaa@2x.gif in Resources */,
				E125736F1BE8A73400DB6314 /* Launch Screen.storyboard in Resources */,
			);
			runOnlyForDeploymentPostprocessing = 0;
		};
/* End PBXResourcesBuildPhase section */

/* Begin PBXSourcesBuildPhase section */
		E14B89331C7EC5EC00805600 /* Sources */ = {
			isa = PBXSourcesBuildPhase;
			buildActionMask = 2147483647;
			files = (
				E14B893A1C7EC5EC00805600 /* WTRequestCenterTests.m in Sources */,
			);
			runOnlyForDeploymentPostprocessing = 0;
		};
		E4440D69197A01B1001E6D88 /* Sources */ = {
			isa = PBXSourcesBuildPhase;
			buildActionMask = 2147483647;
			files = (
				E12573411BE365EE00DB6314 /* WTImageViewer.m in Sources */,
				E1BE637E1BDF109F0059574A /* UIImageView+WTRequestCenter.m in Sources */,
				E1BE635D1BDF10960059574A /* WTNetWorkManager.m in Sources */,
				E12573441BE3697700DB6314 /* UIButton+WTRequestCenter.m in Sources */,
				E4440D81197A01B1001E6D88 /* AppDelegate.m in Sources */,
				E12573321BE34FB300DB6314 /* POSTImageViewController.m in Sources */,
				E125733B1BE365BE00DB6314 /* UIColor+WTRequestCenter.m in Sources */,
				E19EE3201C5B5565007976DC /* GETViewController.m in Sources */,
				E11D04A11BE1C96F0045C421 /* ImageViewCacheVC.m in Sources */,
				E19EE3231C5B556F007976DC /* POSTViewController.m in Sources */,
				E125733E1BE365E300DB6314 /* WTCycleScrollView.m in Sources */,
				E18313D41C35270A00A52665 /* UIImage+ImageCache.m in Sources */,
				E14B89321C7EAA8100805600 /* NSArray+Sort.m in Sources */,
				E4440D7D197A01B1001E6D88 /* main.m in Sources */,
				E12573471BE7109D00DB6314 /* WTDataSaver.m in Sources */,
				E1D7A8BA1BE1C8650022F5DC /* HomeViewController.m in Sources */,
			);
			runOnlyForDeploymentPostprocessing = 0;
		};
/* End PBXSourcesBuildPhase section */

/* Begin PBXTargetDependency section */
		E14B893D1C7EC5EC00805600 /* PBXTargetDependency */ = {
			isa = PBXTargetDependency;
			target = E4440D6C197A01B1001E6D88 /* WTRequestCenter */;
			targetProxy = E14B893C1C7EC5EC00805600 /* PBXContainerItemProxy */;
		};
/* End PBXTargetDependency section */

/* Begin PBXVariantGroup section */
		E4440D79197A01B1001E6D88 /* InfoPlist.strings */ = {
			isa = PBXVariantGroup;
			children = (
				E4440D7A197A01B1001E6D88 /* en */,
			);
			name = InfoPlist.strings;
			sourceTree = "<group>";
		};
		E4440D82197A01B1001E6D88 /* Main.storyboard */ = {
			isa = PBXVariantGroup;
			children = (
				E4440D83197A01B1001E6D88 /* Base */,
			);
			name = Main.storyboard;
			sourceTree = "<group>";
		};
/* End PBXVariantGroup section */

/* Begin XCBuildConfiguration section */
		E14B893F1C7EC5EC00805600 /* Debug */ = {
			isa = XCBuildConfiguration;
			buildSettings = {
				BUNDLE_LOADER = "$(TEST_HOST)";
				CLANG_WARN_UNREACHABLE_CODE = YES;
				DEBUG_INFORMATION_FORMAT = dwarf;
				ENABLE_STRICT_OBJC_MSGSEND = YES;
				GCC_NO_COMMON_BLOCKS = YES;
				INFOPLIST_FILE = WTRequestCenterTests/Info.plist;
				IPHONEOS_DEPLOYMENT_TARGET = 9.2;
				LD_RUNPATH_SEARCH_PATHS = "$(inherited) @executable_path/Frameworks @loader_path/Frameworks";
				MTL_ENABLE_DEBUG_INFO = YES;
				PRODUCT_BUNDLE_IDENTIFIER = com.mike.WTRequestCenterTests;
				PRODUCT_NAME = "$(TARGET_NAME)";
				TEST_HOST = "$(BUILT_PRODUCTS_DIR)/WTRequestCenter.app/WTRequestCenter";
			};
			name = Debug;
		};
		E14B89401C7EC5EC00805600 /* Release */ = {
			isa = XCBuildConfiguration;
			buildSettings = {
				BUNDLE_LOADER = "$(TEST_HOST)";
				CLANG_WARN_UNREACHABLE_CODE = YES;
				COPY_PHASE_STRIP = NO;
				DEBUG_INFORMATION_FORMAT = "dwarf-with-dsym";
				ENABLE_STRICT_OBJC_MSGSEND = YES;
				GCC_NO_COMMON_BLOCKS = YES;
				INFOPLIST_FILE = WTRequestCenterTests/Info.plist;
				IPHONEOS_DEPLOYMENT_TARGET = 9.2;
				LD_RUNPATH_SEARCH_PATHS = "$(inherited) @executable_path/Frameworks @loader_path/Frameworks";
				MTL_ENABLE_DEBUG_INFO = NO;
				PRODUCT_BUNDLE_IDENTIFIER = com.mike.WTRequestCenterTests;
				PRODUCT_NAME = "$(TARGET_NAME)";
				TEST_HOST = "$(BUILT_PRODUCTS_DIR)/WTRequestCenter.app/WTRequestCenter";
			};
			name = Release;
		};
		E4440D9D197A01B1001E6D88 /* Debug */ = {
			isa = XCBuildConfiguration;
			buildSettings = {
				ALWAYS_SEARCH_USER_PATHS = NO;
				CLANG_CXX_LANGUAGE_STANDARD = "gnu++0x";
				CLANG_CXX_LIBRARY = "libc++";
				CLANG_ENABLE_MODULES = YES;
				CLANG_ENABLE_OBJC_ARC = YES;
				CLANG_WARN_BOOL_CONVERSION = YES;
				CLANG_WARN_CONSTANT_CONVERSION = YES;
				CLANG_WARN_DIRECT_OBJC_ISA_USAGE = YES_ERROR;
				CLANG_WARN_EMPTY_BODY = YES;
				CLANG_WARN_ENUM_CONVERSION = YES;
				CLANG_WARN_INT_CONVERSION = YES;
				CLANG_WARN_OBJC_ROOT_CLASS = YES_ERROR;
				CLANG_WARN__DUPLICATE_METHOD_MATCH = YES;
				"CODE_SIGN_IDENTITY[sdk=iphoneos*]" = "iPhone Developer";
				COPY_PHASE_STRIP = NO;
				ENABLE_TESTABILITY = YES;
				GCC_C_LANGUAGE_STANDARD = gnu99;
				GCC_DYNAMIC_NO_PIC = NO;
				GCC_OPTIMIZATION_LEVEL = 0;
				GCC_PREPROCESSOR_DEFINITIONS = (
					"DEBUG=1",
					"$(inherited)",
				);
				GCC_SYMBOLS_PRIVATE_EXTERN = NO;
				GCC_WARN_64_TO_32_BIT_CONVERSION = YES;
				GCC_WARN_ABOUT_RETURN_TYPE = YES_ERROR;
				GCC_WARN_UNDECLARED_SELECTOR = YES;
				GCC_WARN_UNINITIALIZED_AUTOS = YES_AGGRESSIVE;
				GCC_WARN_UNUSED_FUNCTION = YES;
				GCC_WARN_UNUSED_VARIABLE = YES;
				IPHONEOS_DEPLOYMENT_TARGET = 7.0;
				ONLY_ACTIVE_ARCH = YES;
				SDKROOT = iphoneos;
			};
			name = Debug;
		};
		E4440D9E197A01B1001E6D88 /* Release */ = {
			isa = XCBuildConfiguration;
			buildSettings = {
				ALWAYS_SEARCH_USER_PATHS = NO;
				CLANG_CXX_LANGUAGE_STANDARD = "gnu++0x";
				CLANG_CXX_LIBRARY = "libc++";
				CLANG_ENABLE_MODULES = YES;
				CLANG_ENABLE_OBJC_ARC = YES;
				CLANG_WARN_BOOL_CONVERSION = YES;
				CLANG_WARN_CONSTANT_CONVERSION = YES;
				CLANG_WARN_DIRECT_OBJC_ISA_USAGE = YES_ERROR;
				CLANG_WARN_EMPTY_BODY = YES;
				CLANG_WARN_ENUM_CONVERSION = YES;
				CLANG_WARN_INT_CONVERSION = YES;
				CLANG_WARN_OBJC_ROOT_CLASS = YES_ERROR;
				CLANG_WARN__DUPLICATE_METHOD_MATCH = YES;
				"CODE_SIGN_IDENTITY[sdk=iphoneos*]" = "iPhone Developer";
				COPY_PHASE_STRIP = YES;
				ENABLE_NS_ASSERTIONS = NO;
				GCC_C_LANGUAGE_STANDARD = gnu99;
				GCC_WARN_64_TO_32_BIT_CONVERSION = YES;
				GCC_WARN_ABOUT_RETURN_TYPE = YES_ERROR;
				GCC_WARN_UNDECLARED_SELECTOR = YES;
				GCC_WARN_UNINITIALIZED_AUTOS = YES_AGGRESSIVE;
				GCC_WARN_UNUSED_FUNCTION = YES;
				GCC_WARN_UNUSED_VARIABLE = YES;
				IPHONEOS_DEPLOYMENT_TARGET = 7.0;
				SDKROOT = iphoneos;
				VALIDATE_PRODUCT = YES;
			};
			name = Release;
		};
		E4440DA0197A01B1001E6D88 /* Debug */ = {
			isa = XCBuildConfiguration;
			buildSettings = {
				ASSETCATALOG_COMPILER_APPICON_NAME = AppIcon;
				CODE_SIGN_IDENTITY = "iPhone Developer: Yin GongJing (ER98V5DG57)";
				GCC_PRECOMPILE_PREFIX_HEADER = NO;
				GCC_PREFIX_HEADER = "";
				INFOPLIST_FILE = "WTRequestCenter/WTRequestCenter-Info.plist";
				IPHONEOS_DEPLOYMENT_TARGET = 9.0;
				PRODUCT_BUNDLE_IDENTIFIER = com.qg.a;
				PRODUCT_NAME = "$(TARGET_NAME)";
				PROVISIONING_PROFILE = "372193c5-4528-4519-8902-00e9b69aef20";
				WRAPPER_EXTENSION = app;
			};
			name = Debug;
		};
		E4440DA1197A01B1001E6D88 /* Release */ = {
			isa = XCBuildConfiguration;
			buildSettings = {
				ASSETCATALOG_COMPILER_APPICON_NAME = AppIcon;
				CODE_SIGN_IDENTITY = "iPhone Developer";
				GCC_PRECOMPILE_PREFIX_HEADER = NO;
				GCC_PREFIX_HEADER = "";
				INFOPLIST_FILE = "WTRequestCenter/WTRequestCenter-Info.plist";
				IPHONEOS_DEPLOYMENT_TARGET = 9.0;
				PRODUCT_BUNDLE_IDENTIFIER = com.qg.a;
				PRODUCT_NAME = "$(TARGET_NAME)";
				WRAPPER_EXTENSION = app;
			};
			name = Release;
		};
/* End XCBuildConfiguration section */

/* Begin XCConfigurationList section */
		E14B893E1C7EC5EC00805600 /* Build configuration list for PBXNativeTarget "WTRequestCenterTests" */ = {
			isa = XCConfigurationList;
			buildConfigurations = (
				E14B893F1C7EC5EC00805600 /* Debug */,
				E14B89401C7EC5EC00805600 /* Release */,
			);
			defaultConfigurationIsVisible = 0;
		};
		E4440D68197A01B1001E6D88 /* Build configuration list for PBXProject "WTRequestCenter" */ = {
			isa = XCConfigurationList;
			buildConfigurations = (
				E4440D9D197A01B1001E6D88 /* Debug */,
				E4440D9E197A01B1001E6D88 /* Release */,
			);
			defaultConfigurationIsVisible = 0;
			defaultConfigurationName = Release;
		};
		E4440D9F197A01B1001E6D88 /* Build configuration list for PBXNativeTarget "WTRequestCenter" */ = {
			isa = XCConfigurationList;
			buildConfigurations = (
				E4440DA0197A01B1001E6D88 /* Debug */,
				E4440DA1197A01B1001E6D88 /* Release */,
			);
			defaultConfigurationIsVisible = 0;
			defaultConfigurationName = Release;
		};
/* End XCConfigurationList section */
	};
	rootObject = E4440D65197A01B1001E6D88 /* Project object */;
}
